<?xml version="1.0" encoding="utf-8"?>
<Project ToolsVersion="4.0" xmlns="http://schemas.microsoft.com/developer/msbuild/2003">
  <ItemGroup>
    <Filter Include="Resource Files">
      <UniqueIdentifier>{67DA6AB6-F800-4c08-8B7A-83BB121AAD01}</UniqueIdentifier>
      <Extensions>rc;ico;cur;bmp;dlg;rc2;rct;bin;rgs;gif;jpg;jpeg;jpe;resx;tiff;tif;png;wav;mfcribbon-ms</Extensions>
    </Filter>
    <Filter Include="Phase Jump">
      <UniqueIdentifier>{4FC737F1-C7A5-4376-A066-2A32D752A2FF}</UniqueIdentifier>
      <Extensions>cpp;c;cc;cxx;c++;cppm;ixx;def;odl;idl;hpj;bat;asm;asmx</Extensions>
    </Filter>
    <Filter Include="Phase Jump\Collections">
      <UniqueIdentifier>{663040aa-bcc7-49e7-b87d-8321704c90f5}</UniqueIdentifier>
    </Filter>
    <Filter Include="Terathon">
      <UniqueIdentifier>{07781ba9-195b-4453-94c1-c51cf10b7cd4}</UniqueIdentifier>
    </Filter>
    <Filter Include="Phase Jump\Types">
      <UniqueIdentifier>{3ffe6e99-23fc-4c61-87f4-7226488e12c3}</UniqueIdentifier>
    </Filter>
  </ItemGroup>
  <ItemGroup>
    <ClCompile Include="Visual Studio.cpp">
      <Filter>Phase Jump</Filter>
    </ClCompile>
  </ItemGroup>
  <ItemGroup>
    <ResourceCompile Include="Visual Studio.rc">
      <Filter>Resource Files</Filter>
    </ResourceCompile>
  </ItemGroup>
  <ItemGroup>
    <Image Include="small.ico">
      <Filter>Resource Files</Filter>
    </Image>
    <Image Include="Visual Studio.ico">
      <Filter>Resource Files</Filter>
    </Image>
  </ItemGroup>
  <ItemGroup>
    <None Include="PhaseJump" />
  </ItemGroup>
  <ItemGroup>
    <ClInclude Include="..\..\PhaseJump\Classes\Collections\CollectionUtils.h">
      <Filter>Phase Jump\Collections</Filter>
    </ClInclude>
    <ClInclude Include="..\..\PhaseJump\Classes\Collections\List.h">
      <Filter>Phase Jump\Collections</Filter>
    </ClInclude>
    <ClInclude Include="..\..\PhaseJump\Classes\Collections\MapUtils.h">
      <Filter>Phase Jump\Collections</Filter>
    </ClInclude>
    <ClInclude Include="..\..\PhaseJump\Classes\Collections\OrderedMap.h">
      <Filter>Phase Jump\Collections</Filter>
    </ClInclude>
    <ClInclude Include="..\..\PhaseJump\Classes\Collections\OrderedSet.h">
      <Filter>Phase Jump\Collections</Filter>
    </ClInclude>
    <ClInclude Include="..\..\PhaseJump\Classes\Collections\UnorderedMap.h">
      <Filter>Phase Jump\Collections</Filter>
    </ClInclude>
    <ClInclude Include="..\..\PhaseJump\Classes\Collections\UnorderedSet.h">
      <Filter>Phase Jump\Collections</Filter>
    </ClInclude>
    <ClInclude Include="..\..\PhaseJump\Classes\Collections\VectorList.h">
      <Filter>Phase Jump\Collections</Filter>
    </ClInclude>
  </ItemGroup>
</Project>