<?xml version="1.0" encoding="utf-8"?>
<Project ToolsVersion="4.0" xmlns="http://schemas.microsoft.com/developer/msbuild/2003">
  <ItemGroup>
    <Filter Include="Source Files">
      <UniqueIdentifier>{4FC737F1-C7A5-4376-A066-2A32D752A2FF}</UniqueIdentifier>
      <Extensions>cpp;c;cc;cxx;c++;cppm;ixx;def;odl;idl;hpj;bat;asm;asmx</Extensions>
    </Filter>
    <Filter Include="Header Files">
      <UniqueIdentifier>{93995380-89BD-4b04-88EB-625FBE52EBFB}</UniqueIdentifier>
      <Extensions>h;hh;hpp;hxx;h++;hm;inl;inc;ipp;xsd</Extensions>
    </Filter>
    <Filter Include="Resource Files">
      <UniqueIdentifier>{67DA6AB6-F800-4c08-8B7A-83BB121AAD01}</UniqueIdentifier>
      <Extensions>rc;ico;cur;bmp;dlg;rc2;rct;bin;rgs;gif;jpg;jpeg;jpe;resx;tiff;tif;png;wav;mfcribbon-ms</Extensions>
    </Filter>
  </ItemGroup>
  <ItemGroup>
    <ClInclude Include="framework.h">
      <Filter>Header Files</Filter>
    </ClInclude>
    <ClInclude Include="targetver.h">
      <Filter>Header Files</Filter>
    </ClInclude>
    <ClInclude Include="Resource.h">
      <Filter>Header Files</Filter>
    </ClInclude>
    <ClInclude Include="Visual Studio.h">
      <Filter>Header Files</Filter>
    </ClInclude>
    <ClInclude Include="..\..\PhaseJump\Classes\Types\_String.h">
      <Filter>Header Files</Filter>
    </ClInclude>
    <ClInclude Include="..\..\PhaseJump\Classes\Types\Alignment.h">
      <Filter>Header Files</Filter>
    </ClInclude>
    <ClInclude Include="..\..\PhaseJump\Classes\Types\FloatClamp.h">
      <Filter>Header Files</Filter>
    </ClInclude>
    <ClInclude Include="..\..\PhaseJump\Classes\Types\FloatTransform.h">
      <Filter>Header Files</Filter>
    </ClInclude>
    <ClInclude Include="..\..\PhaseJump\Classes\Types\HorizontalAlignment.h">
      <Filter>Header Files</Filter>
    </ClInclude>
    <ClInclude Include="..\..\PhaseJump\Classes\Types\Range.h">
      <Filter>Header Files</Filter>
    </ClInclude>
    <ClInclude Include="..\..\PhaseJump\Classes\Types\SomeBinding.h">
      <Filter>Header Files</Filter>
    </ClInclude>
    <ClInclude Include="..\..\PhaseJump\Classes\Types\SomeMap.h">
      <Filter>Header Files</Filter>
    </ClInclude>
    <ClInclude Include="..\..\PhaseJump\Classes\Types\SomeMap1D.h">
      <Filter>Header Files</Filter>
    </ClInclude>
    <ClInclude Include="..\..\PhaseJump\Classes\Types\SomeReference.h">
      <Filter>Header Files</Filter>
    </ClInclude>
    <ClInclude Include="..\..\PhaseJump\Classes\Types\SomeTransform.h">
      <Filter>Header Files</Filter>
    </ClInclude>
    <ClInclude Include="..\..\PhaseJump\Classes\Types\StrongReference.h">
      <Filter>Header Files</Filter>
    </ClInclude>
    <ClInclude Include="..\..\PhaseJump\Classes\Types\Types.h">
      <Filter>Header Files</Filter>
    </ClInclude>
    <ClInclude Include="..\..\PhaseJump\Classes\Types\VerticalAlignment.h">
      <Filter>Header Files</Filter>
    </ClInclude>
    <ClInclude Include="..\..\PhaseJump\Classes\Types\WeakReference.h">
      <Filter>Header Files</Filter>
    </ClInclude>
    <ClInclude Include="..\..\PhaseJump\Classes\Utils\StringUtils.h">
      <Filter>Header Files</Filter>
    </ClInclude>
    <ClInclude Include="..\..\PhaseJump\Classes\Animation\AnimationCurve.h">
      <Filter>Header Files</Filter>
    </ClInclude>
    <ClInclude Include="..\..\PhaseJump\Classes\Animation\AnimationCycleType.h">
      <Filter>Header Files</Filter>
    </ClInclude>
    <ClInclude Include="..\..\PhaseJump\Classes\Animation\SomeAnimatedValue.h">
      <Filter>Header Files</Filter>
    </ClInclude>
    <ClInclude Include="..\..\PhaseJump\Classes\Animation\SomeInterpolate.h">
      <Filter>Header Files</Filter>
    </ClInclude>
    <ClInclude Include="..\..\PhaseJump\Classes\Animation\SomeValueAnimator.h">
      <Filter>Header Files</Filter>
    </ClInclude>
    <ClInclude Include="..\..\PhaseJump\Classes\Collections\_Map.h">
      <Filter>Header Files</Filter>
    </ClInclude>
    <ClInclude Include="..\..\PhaseJump\Classes\Collections\_Set.h">
      <Filter>Header Files</Filter>
    </ClInclude>
    <ClInclude Include="..\..\PhaseJump\Classes\Collections\Array.h">
      <Filter>Header Files</Filter>
    </ClInclude>
    <ClInclude Include="..\..\PhaseJump\Classes\Collections\List.h">
      <Filter>Header Files</Filter>
    </ClInclude>
    <ClInclude Include="..\..\PhaseJump\Classes\Core\AnyFactory.h">
      <Filter>Header Files</Filter>
    </ClInclude>
    <ClInclude Include="..\..\PhaseJump\Classes\Core\Base.h">
      <Filter>Header Files</Filter>
    </ClInclude>
    <ClInclude Include="..\..\PhaseJump\Classes\Core\Class.h">
      <Filter>Header Files</Filter>
    </ClInclude>
    <ClInclude Include="..\..\PhaseJump\Classes\Core\ClassIds.h">
      <Filter>Header Files</Filter>
    </ClInclude>
    <ClInclude Include="..\..\PhaseJump\Classes\Core\ClassRegistry.h">
      <Filter>Header Files</Filter>
    </ClInclude>
    <ClInclude Include="..\..\PhaseJump\Classes\Core\Factory.h">
      <Filter>Header Files</Filter>
    </ClInclude>
    <ClInclude Include="..\..\PhaseJump\Classes\Core\FactoryRegistry.h">
      <Filter>Header Files</Filter>
    </ClInclude>
    <ClInclude Include="..\..\PhaseJump\Classes\Core\FloatMath.h">
      <Filter>Header Files</Filter>
    </ClInclude>
    <ClInclude Include="..\..\PhaseJump\Classes\Core\IntMath.h">
      <Filter>Header Files</Filter>
    </ClInclude>
    <ClInclude Include="..\..\PhaseJump\Classes\Core\Macros_Operators.h">
      <Filter>Header Files</Filter>
    </ClInclude>
    <ClInclude Include="..\..\PhaseJump\Classes\Core\Modules.h">
      <Filter>Header Files</Filter>
    </ClInclude>
    <ClInclude Include="..\..\PhaseJump\Classes\Core\StringIdentifiable.h">
      <Filter>Header Files</Filter>
    </ClInclude>
    <ClInclude Include="..\..\PhaseJump\Classes\Core\Tags.h">
      <Filter>Header Files</Filter>
    </ClInclude>
    <ClInclude Include="..\..\PhaseJump\Classes\Core\Updatable.h">
      <Filter>Header Files</Filter>
    </ClInclude>
    <ClInclude Include="..\..\PhaseJump\Classes\Geometry\Paths\LinePath.h">
      <Filter>Header Files</Filter>
    </ClInclude>
    <ClInclude Include="..\..\PhaseJump\Classes\Geometry\Paths\SomePath.h">
      <Filter>Header Files</Filter>
    </ClInclude>
    <ClInclude Include="..\..\PhaseJump\Classes\Geometry\Angle.h">
      <Filter>Header Files</Filter>
    </ClInclude>
    <ClInclude Include="..\..\PhaseJump\Classes\Geometry\Axis.h">
      <Filter>Header Files</Filter>
    </ClInclude>
    <ClInclude Include="..\..\PhaseJump\Classes\Geometry\GeoTransform.h">
      <Filter>Header Files</Filter>
    </ClInclude>
    <ClInclude Include="..\..\PhaseJump\Classes\Geometry\SomeVector.h">
      <Filter>Header Files</Filter>
    </ClInclude>
    <ClInclude Include="..\..\PhaseJump\Classes\Geometry\Vector2.h">
      <Filter>Header Files</Filter>
    </ClInclude>
    <ClInclude Include="..\..\PhaseJump\Classes\Geometry\Vector3.h">
      <Filter>Header Files</Filter>
    </ClInclude>
    <ClInclude Include="..\..\PhaseJump\Classes\Graph\Core\StandardEdgeModel.h">
      <Filter>Header Files</Filter>
    </ClInclude>
    <ClInclude Include="..\..\PhaseJump\Classes\Input\SomeInputController.h">
      <Filter>Header Files</Filter>
    </ClInclude>
    <ClInclude Include="..\..\PhaseJump\Classes\Model\Time\SomeTimed.h">
      <Filter>Header Files</Filter>
    </ClInclude>
    <ClInclude Include="..\..\PhaseJump\Classes\Model\Time\Timer.h">
      <Filter>Header Files</Filter>
    </ClInclude>
    <ClInclude Include="..\..\PhaseJump\Classes\Model\Time\TransformTimer.h">
      <Filter>Header Files</Filter>
    </ClInclude>
    <ClInclude Include="..\..\PhaseJump\Classes\Model\Broadcaster.h">
      <Filter>Header Files</Filter>
    </ClInclude>
    <ClInclude Include="..\..\PhaseJump\Classes\Model\Event.h">
      <Filter>Header Files</Filter>
    </ClInclude>
    <ClInclude Include="..\..\PhaseJump\Classes\Model\RateLimiter.h">
      <Filter>Header Files</Filter>
    </ClInclude>
    <ClInclude Include="..\..\PhaseJump\Classes\Model\SomeBroadcaster.h">
      <Filter>Header Files</Filter>
    </ClInclude>
    <ClInclude Include="..\..\PhaseJump\Classes\Model\SomeLimiter.h">
      <Filter>Header Files</Filter>
    </ClInclude>
    <ClInclude Include="..\..\PhaseJump\Classes\Model\SomeListener.h">
      <Filter>Header Files</Filter>
    </ClInclude>
    <ClInclude Include="..\..\PhaseJump\Classes\Model\TimeSlice.h">
      <Filter>Header Files</Filter>
    </ClInclude>
    <ClInclude Include="..\..\PhaseJump\Classes\Processors\FileProcessor.Utility.h">
      <Filter>Header Files</Filter>
    </ClInclude>
    <ClInclude Include="..\..\PhaseJump\Classes\Processors\FilesProcessor.h">
      <Filter>Header Files</Filter>
    </ClInclude>
    <ClInclude Include="..\..\PhaseJump\Classes\Processors\SomeProcessor.h">
      <Filter>Header Files</Filter>
    </ClInclude>
  </ItemGroup>
  <ItemGroup>
    <ClCompile Include="Visual Studio.cpp">
      <Filter>Source Files</Filter>
    </ClCompile>
    <ClCompile Include="..\..\PhaseJump\Classes\Types\_String.cpp">
      <Filter>Source Files</Filter>
    </ClCompile>
    <ClCompile Include="..\..\PhaseJump\Classes\Geometry\Angle.cpp">
      <Filter>Source Files</Filter>
    </ClCompile>
  </ItemGroup>
  <ItemGroup>
    <ResourceCompile Include="Visual Studio.rc">
      <Filter>Resource Files</Filter>
    </ResourceCompile>
  </ItemGroup>
  <ItemGroup>
    <Image Include="small.ico">
      <Filter>Resource Files</Filter>
    </Image>
    <Image Include="Visual Studio.ico">
      <Filter>Resource Files</Filter>
    </Image>
  </ItemGroup>
  <ItemGroup>
    <None Include="PhaseJump" />
  </ItemGroup>
</Project>