// !$*UTF8*$!
{
	archiveVersion = 1;
	classes = {
	};
	objectVersion = 56;
	objects = {

/* Begin PBXBuildFile section */
		CD0A841C29189C290074CA4F /* libgtest.a in Frameworks */ = {isa = PBXBuildFile; fileRef = CDA98A4529189A3600B9B961 /* libgtest.a */; };
		CD0A842629189FE70074CA4F /* FloatMultiplyTransformTests.cpp in Sources */ = {isa = PBXBuildFile; fileRef = CD0A842429189FE70074CA4F /* FloatMultiplyTransformTests.cpp */; };
		CD0A842A2918A0690074CA4F /* StringTests.cpp in Sources */ = {isa = PBXBuildFile; fileRef = CD0A84282918A0690074CA4F /* StringTests.cpp */; };
		CD0A842B2918A0690074CA4F /* FilePathTests.cpp in Sources */ = {isa = PBXBuildFile; fileRef = CD0A84292918A0690074CA4F /* FilePathTests.cpp */; };
		CD0A84502918A1F00074CA4F /* Range.h in Headers */ = {isa = PBXBuildFile; fileRef = CD0A842F2918A1F00074CA4F /* Range.h */; settings = {ATTRIBUTES = (Public, ); }; };
		CD0A84512918A1F00074CA4F /* SomeTransform.h in Headers */ = {isa = PBXBuildFile; fileRef = CD0A84302918A1F00074CA4F /* SomeTransform.h */; settings = {ATTRIBUTES = (Public, ); }; };
		CD0A84522918A1F00074CA4F /* Types.h in Headers */ = {isa = PBXBuildFile; fileRef = CD0A84312918A1F00074CA4F /* Types.h */; settings = {ATTRIBUTES = (Public, ); }; };
		CD0A84532918A1F00074CA4F /* FloatClamp.h in Headers */ = {isa = PBXBuildFile; fileRef = CD0A84322918A1F00074CA4F /* FloatClamp.h */; settings = {ATTRIBUTES = (Public, ); }; };
		CD0A84542918A1F00074CA4F /* FloatTransform.h in Headers */ = {isa = PBXBuildFile; fileRef = CD0A84332918A1F00074CA4F /* FloatTransform.h */; settings = {ATTRIBUTES = (Public, ); }; };
		CD0A84552918A1F00074CA4F /* SomeMap.h in Headers */ = {isa = PBXBuildFile; fileRef = CD0A84342918A1F00074CA4F /* SomeMap.h */; settings = {ATTRIBUTES = (Public, ); }; };
		CD0A84562918A1F00074CA4F /* _String.h in Headers */ = {isa = PBXBuildFile; fileRef = CD0A84352918A1F00074CA4F /* _String.h */; settings = {ATTRIBUTES = (Public, ); }; };
		CD0A845E2918A1F00074CA4F /* Interpolator.h in Headers */ = {isa = PBXBuildFile; fileRef = CD0A84472918A1F00074CA4F /* Interpolator.h */; settings = {ATTRIBUTES = (Public, ); }; };
		CD0A84602918A1F00074CA4F /* AnimationCycleTypes.h in Headers */ = {isa = PBXBuildFile; fileRef = CD0A84492918A1F00074CA4F /* AnimationCycleTypes.h */; settings = {ATTRIBUTES = (Public, ); }; };
		CD0A84612918A1F00074CA4F /* StringUtils.h in Headers */ = {isa = PBXBuildFile; fileRef = CD0A844B2918A1F00074CA4F /* StringUtils.h */; settings = {ATTRIBUTES = (Public, ); }; };
		CD0A84622918A1F00074CA4F /* TimeSlice.h in Headers */ = {isa = PBXBuildFile; fileRef = CD0A844D2918A1F00074CA4F /* TimeSlice.h */; settings = {ATTRIBUTES = (Public, ); }; };
		CD0A84632918A1F00074CA4F /* Timer.h in Headers */ = {isa = PBXBuildFile; fileRef = CD0A844E2918A1F00074CA4F /* Timer.h */; settings = {ATTRIBUTES = (Public, ); }; };
		CD0A84642918A1F00074CA4F /* SomeTimed.h in Headers */ = {isa = PBXBuildFile; fileRef = CD0A844F2918A1F00074CA4F /* SomeTimed.h */; settings = {ATTRIBUTES = (Public, ); }; };
		CD0A84712918ADE70074CA4F /* FilePath.h in Headers */ = {isa = PBXBuildFile; fileRef = CD0A846D2918ADE70074CA4F /* FilePath.h */; settings = {ATTRIBUTES = (Public, ); }; };
		CD0A84772918C9CE0074CA4F /* TagsTests.cpp in Sources */ = {isa = PBXBuildFile; fileRef = CD0A84752918C9CE0074CA4F /* TagsTests.cpp */; };
		CD0A847A2918D7BA0074CA4F /* FactoryTests.cpp in Sources */ = {isa = PBXBuildFile; fileRef = CD0A84792918D7BA0074CA4F /* FactoryTests.cpp */; };
		CD0A84802919A5D70074CA4F /* FactoryRegistryTests.cpp in Sources */ = {isa = PBXBuildFile; fileRef = CD0A847F2919A5D70074CA4F /* FactoryRegistryTests.cpp */; };
		CD0A8483291A06340074CA4F /* DefaultValueTests.cpp in Sources */ = {isa = PBXBuildFile; fileRef = CD0A8481291A06340074CA4F /* DefaultValueTests.cpp */; };
		CD0A8499291DE71B0074CA4F /* _String.cpp in Sources */ = {isa = PBXBuildFile; fileRef = CD0A8497291DE71B0074CA4F /* _String.cpp */; };
		CD0A849C291DED040074CA4F /* _Map.h in Headers */ = {isa = PBXBuildFile; fileRef = CD0A849B291DED040074CA4F /* _Map.h */; settings = {ATTRIBUTES = (Public, ); }; };
		CD0A849F291DEDAD0074CA4F /* MapTests.cpp in Sources */ = {isa = PBXBuildFile; fileRef = CD0A849E291DEDAD0074CA4F /* MapTests.cpp */; };
		CD0A84A3291DF5310074CA4F /* ClassRegistryTests.cpp in Sources */ = {isa = PBXBuildFile; fileRef = CD0A84A2291DF5310074CA4F /* ClassRegistryTests.cpp */; };
		CD1E7CB629364E2600001DB9 /* Angle.h in Headers */ = {isa = PBXBuildFile; fileRef = CD1E7CB529364E2600001DB9 /* Angle.h */; settings = {ATTRIBUTES = (Public, ); }; };
		CD1E7CB82936549000001DB9 /* Angle.cpp in Sources */ = {isa = PBXBuildFile; fileRef = CD1E7CB72936549000001DB9 /* Angle.cpp */; };
		CD1E7CBC293656B300001DB9 /* AngleTests.cpp in Sources */ = {isa = PBXBuildFile; fileRef = CD1E7CBB293656B300001DB9 /* AngleTests.cpp */; };
		CD1E7CBE2941921D00001DB9 /* SomeAligner.h in Headers */ = {isa = PBXBuildFile; fileRef = CD1E7CBD2941921D00001DB9 /* SomeAligner.h */; settings = {ATTRIBUTES = (Public, ); }; };
		CD1E7CC02941966300001DB9 /* IntClamp.h in Headers */ = {isa = PBXBuildFile; fileRef = CD1E7CBF2941966300001DB9 /* IntClamp.h */; settings = {ATTRIBUTES = (Public, ); }; };
		CD1E7CC22941970500001DB9 /* ClampTests.cpp in Sources */ = {isa = PBXBuildFile; fileRef = CD1E7CC12941970500001DB9 /* ClampTests.cpp */; };
		CD1E7CC62941A1A800001DB9 /* AnimationCycleTimer.h in Headers */ = {isa = PBXBuildFile; fileRef = CD1E7CC52941A1A800001DB9 /* AnimationCycleTimer.h */; settings = {ATTRIBUTES = (Public, ); }; };
		CD1E7CC82941A3E600001DB9 /* AnimationCycleTimerTests.cpp in Sources */ = {isa = PBXBuildFile; fileRef = CD1E7CC72941A3E600001DB9 /* AnimationCycleTimerTests.cpp */; };
		CD1E7CCC2941AA3700001DB9 /* PublishedValue.h in Headers */ = {isa = PBXBuildFile; fileRef = CD1E7CCB2941AA3700001DB9 /* PublishedValue.h */; settings = {ATTRIBUTES = (Public, ); }; };
		CD1E7CD429458CC900001DB9 /* AcyclicGraphNodeTests.cpp in Sources */ = {isa = PBXBuildFile; fileRef = CD1E7CD229458CC900001DB9 /* AcyclicGraphNodeTests.cpp */; };
		CD1E7CD8294635AC00001DB9 /* CyclicGraphTests.cpp in Sources */ = {isa = PBXBuildFile; fileRef = CD1E7CD6294635AC00001DB9 /* CyclicGraphTests.cpp */; };
		CD1E7CE12946531800001DB9 /* SomeStateMachine.h in Headers */ = {isa = PBXBuildFile; fileRef = CD1E7CE02946531800001DB9 /* SomeStateMachine.h */; settings = {ATTRIBUTES = (Public, ); }; };
		CD1E7CE3294653EE00001DB9 /* StateMachine.h in Headers */ = {isa = PBXBuildFile; fileRef = CD1E7CE2294653EE00001DB9 /* StateMachine.h */; settings = {ATTRIBUTES = (Public, ); }; };
		CD1E7CE529465CAB00001DB9 /* Vector2.cpp in Sources */ = {isa = PBXBuildFile; fileRef = CD1E7CE429465CAB00001DB9 /* Vector2.cpp */; };
		CD1E7CE829465D4200001DB9 /* Vector3.cpp in Sources */ = {isa = PBXBuildFile; fileRef = CD1E7CE629465D4200001DB9 /* Vector3.cpp */; };
		CD1E7CEB29465D9900001DB9 /* VerticalAlignment.cpp in Sources */ = {isa = PBXBuildFile; fileRef = CD1E7CE929465D9900001DB9 /* VerticalAlignment.cpp */; };
		CD1E7CED29465DDF00001DB9 /* HorizontalAlignment.cpp in Sources */ = {isa = PBXBuildFile; fileRef = CD1E7CEC29465DDF00001DB9 /* HorizontalAlignment.cpp */; };
		CD1E7CEF29465E2500001DB9 /* Alignment.cpp in Sources */ = {isa = PBXBuildFile; fileRef = CD1E7CEE29465E2500001DB9 /* Alignment.cpp */; };
		CD1E7CF129465E6B00001DB9 /* GeoTransform.cpp in Sources */ = {isa = PBXBuildFile; fileRef = CD1E7CF029465E6B00001DB9 /* GeoTransform.cpp */; };
		CD1E7CF52946858D00001DB9 /* StateMachineTests.cpp in Sources */ = {isa = PBXBuildFile; fileRef = CD1E7CF42946858D00001DB9 /* StateMachineTests.cpp */; };
		CD1E7CF82946B57600001DB9 /* PublishedValueTests.cpp in Sources */ = {isa = PBXBuildFile; fileRef = CD1E7CF72946B57600001DB9 /* PublishedValueTests.cpp */; };
		CD1E900629344DB800875FD9 /* SomePath.h in Headers */ = {isa = PBXBuildFile; fileRef = CD1E900529344DB800875FD9 /* SomePath.h */; settings = {ATTRIBUTES = (Public, ); }; };
		CD1E900829344E2300875FD9 /* LinePath.h in Headers */ = {isa = PBXBuildFile; fileRef = CD1E900729344E2300875FD9 /* LinePath.h */; settings = {ATTRIBUTES = (Public, ); }; };
		CD1E900A29344F8C00875FD9 /* SomeAnimatedValue.h in Headers */ = {isa = PBXBuildFile; fileRef = CD1E900929344F8C00875FD9 /* SomeAnimatedValue.h */; settings = {ATTRIBUTES = (Public, ); }; };
		CD1E900C2934534500875FD9 /* CirclePath.h in Headers */ = {isa = PBXBuildFile; fileRef = CD1E900B2934534500875FD9 /* CirclePath.h */; settings = {ATTRIBUTES = (Public, ); }; };
		CD1E9011293465CF00875FD9 /* TransformTimer.h in Headers */ = {isa = PBXBuildFile; fileRef = CD1E9010293465CF00875FD9 /* TransformTimer.h */; };
		CD5FB827291EB0D2004F2FB4 /* SomeVector.h in Headers */ = {isa = PBXBuildFile; fileRef = CD5FB826291EB0D2004F2FB4 /* SomeVector.h */; settings = {ATTRIBUTES = (Public, ); }; };
		CD5FB829291EB410004F2FB4 /* Vector2.h in Headers */ = {isa = PBXBuildFile; fileRef = CD5FB828291EB410004F2FB4 /* Vector2.h */; settings = {ATTRIBUTES = (Public, ); }; };
		CD5FB82B291EB4C8004F2FB4 /* Vector2Tests.cpp in Sources */ = {isa = PBXBuildFile; fileRef = CD5FB82A291EB4C8004F2FB4 /* Vector2Tests.cpp */; };
		CD5FB83529200BFB004F2FB4 /* SomeProcessor.h in Headers */ = {isa = PBXBuildFile; fileRef = CD5FB83429200BFB004F2FB4 /* SomeProcessor.h */; settings = {ATTRIBUTES = (Public, ); }; };
		CD5FB83829200D79004F2FB4 /* FileProcessor.Utility.h in Headers */ = {isa = PBXBuildFile; fileRef = CD5FB83629200D78004F2FB4 /* FileProcessor.Utility.h */; settings = {ATTRIBUTES = (Public, ); }; };
		CD5FB83929200D79004F2FB4 /* FilesProcessor.h in Headers */ = {isa = PBXBuildFile; fileRef = CD5FB83729200D79004F2FB4 /* FilesProcessor.h */; settings = {ATTRIBUTES = (Public, ); }; };
		CD5FB83B29201197004F2FB4 /* List.h in Headers */ = {isa = PBXBuildFile; fileRef = CD5FB83A29201197004F2FB4 /* List.h */; settings = {ATTRIBUTES = (Public, ); }; };
		CD5FB83E2920138E004F2FB4 /* FilesProcessorTests.cpp in Sources */ = {isa = PBXBuildFile; fileRef = CD5FB83C2920138E004F2FB4 /* FilesProcessorTests.cpp */; };
		CD5FB847292084CD004F2FB4 /* SomeInputController.h in Headers */ = {isa = PBXBuildFile; fileRef = CD5FB846292084CD004F2FB4 /* SomeInputController.h */; settings = {ATTRIBUTES = (Public, ); }; };
		CD6FEB302917017A00F674D3 /* PhaseJump.docc in Sources */ = {isa = PBXBuildFile; fileRef = CD6FEB2F2917017A00F674D3 /* PhaseJump.docc */; };
		CD6FEB362917017A00F674D3 /* PhaseJump.framework in Frameworks */ = {isa = PBXBuildFile; fileRef = CD6FEB2B2917017A00F674D3 /* PhaseJump.framework */; };
		CD6FEB3B2917017A00F674D3 /* FloatTransformTests.mm in Sources */ = {isa = PBXBuildFile; fileRef = CD6FEB3A2917017A00F674D3 /* FloatTransformTests.mm */; };
		CD6FEB3C2917017A00F674D3 /* PhaseJump.h in Headers */ = {isa = PBXBuildFile; fileRef = CD6FEB2E2917017A00F674D3 /* PhaseJump.h */; settings = {ATTRIBUTES = (Public, ); }; };
		CDDD3FF5294E7F8A00361C67 /* CycleAnimator.h in Headers */ = {isa = PBXBuildFile; fileRef = CDDD3FF4294E7F8A00361C67 /* CycleAnimator.h */; };
		CDDD3FF7294E80A500361C67 /* Binding.h in Headers */ = {isa = PBXBuildFile; fileRef = CDDD3FF6294E80A500361C67 /* Binding.h */; settings = {ATTRIBUTES = (Public, ); }; };
		CDDD3FFA294E821300361C67 /* CycleAnimatorTests.cpp in Sources */ = {isa = PBXBuildFile; fileRef = CDDD3FF9294E821300361C67 /* CycleAnimatorTests.cpp */; };
		CDDD3FFC294E871800361C67 /* SomeInterpolate.cpp in Sources */ = {isa = PBXBuildFile; fileRef = CDDD3FFB294E871800361C67 /* SomeInterpolate.cpp */; };
		CDDD3FFE294EBB5E00361C67 /* SomeInterpolatorKey.h in Headers */ = {isa = PBXBuildFile; fileRef = CDDD3FFD294EBB5E00361C67 /* SomeInterpolatorKey.h */; settings = {ATTRIBUTES = (Public, ); }; };
		CDDD4000294EBE9B00361C67 /* SomeKeyframe.h in Headers */ = {isa = PBXBuildFile; fileRef = CDDD3FFF294EBE9B00361C67 /* SomeKeyframe.h */; };
		CDDD4002294EBFA000361C67 /* ValueKeyframe.h in Headers */ = {isa = PBXBuildFile; fileRef = CDDD4001294EBFA000361C67 /* ValueKeyframe.h */; };
		CDDD400729511C8800361C67 /* GoStateMachine.h in Headers */ = {isa = PBXBuildFile; fileRef = CDDD400629511C8800361C67 /* GoStateMachine.h */; };
		CDDD40212951439200361C67 /* Macros_Operators.h in Headers */ = {isa = PBXBuildFile; fileRef = CDDD400A2951439100361C67 /* Macros_Operators.h */; settings = {ATTRIBUTES = (Public, ); }; };
		CDDD40222951439200361C67 /* Updatable.h in Headers */ = {isa = PBXBuildFile; fileRef = CDDD400B2951439100361C67 /* Updatable.h */; settings = {ATTRIBUTES = (Public, ); }; };
		CDDD40232951439200361C67 /* Macros_Collections.h in Headers */ = {isa = PBXBuildFile; fileRef = CDDD400C2951439100361C67 /* Macros_Collections.h */; settings = {ATTRIBUTES = (Public, ); }; };
		CDDD40252951439200361C67 /* AnyFactory.h in Headers */ = {isa = PBXBuildFile; fileRef = CDDD400E2951439100361C67 /* AnyFactory.h */; settings = {ATTRIBUTES = (Public, ); }; };
		CDDD40262951439200361C67 /* Class.h in Headers */ = {isa = PBXBuildFile; fileRef = CDDD400F2951439200361C67 /* Class.h */; settings = {ATTRIBUTES = (Public, ); }; };
		CDDD40272951439200361C67 /* StringIdentifiable.h in Headers */ = {isa = PBXBuildFile; fileRef = CDDD40102951439200361C67 /* StringIdentifiable.h */; settings = {ATTRIBUTES = (Public, ); }; };
		CDDD40282951439200361C67 /* IntMath.h in Headers */ = {isa = PBXBuildFile; fileRef = CDDD40112951439200361C67 /* IntMath.h */; settings = {ATTRIBUTES = (Public, ); }; };
		CDDD40292951439200361C67 /* Tags.h in Headers */ = {isa = PBXBuildFile; fileRef = CDDD40122951439200361C67 /* Tags.h */; settings = {ATTRIBUTES = (Public, ); }; };
		CDDD402A2951439200361C67 /* FloatMath.h in Headers */ = {isa = PBXBuildFile; fileRef = CDDD40132951439200361C67 /* FloatMath.h */; settings = {ATTRIBUTES = (Public, ); }; };
		CDDD402B2951439200361C67 /* ClassRegistry.h in Headers */ = {isa = PBXBuildFile; fileRef = CDDD40142951439200361C67 /* ClassRegistry.h */; settings = {ATTRIBUTES = (Public, ); }; };
		CDDD402C2951439200361C67 /* Scene.h in Headers */ = {isa = PBXBuildFile; fileRef = CDDD40152951439200361C67 /* Scene.h */; settings = {ATTRIBUTES = (Public, ); }; };
		CDDD402D2951439200361C67 /* WorldComponent.cpp in Sources */ = {isa = PBXBuildFile; fileRef = CDDD40162951439200361C67 /* WorldComponent.cpp */; };
		CDDD402E2951439200361C67 /* Core.h in Headers */ = {isa = PBXBuildFile; fileRef = CDDD40172951439200361C67 /* Core.h */; settings = {ATTRIBUTES = (Public, ); }; };
		CDDD402F2951439200361C67 /* CoreTypes.h in Headers */ = {isa = PBXBuildFile; fileRef = CDDD40182951439200361C67 /* CoreTypes.h */; settings = {ATTRIBUTES = (Public, ); }; };
		CDDD40302951439200361C67 /* Base.h in Headers */ = {isa = PBXBuildFile; fileRef = CDDD40192951439200361C67 /* Base.h */; settings = {ATTRIBUTES = (Public, ); }; };
		CDDD40312951439200361C67 /* SomeRunner.h in Headers */ = {isa = PBXBuildFile; fileRef = CDDD401A2951439200361C67 /* SomeRunner.h */; settings = {ATTRIBUTES = (Public, ); }; };
		CDDD40322951439200361C67 /* WorldComponent.h in Headers */ = {isa = PBXBuildFile; fileRef = CDDD401B2951439200361C67 /* WorldComponent.h */; settings = {ATTRIBUTES = (Public, ); }; };
		CDDD40332951439200361C67 /* WorldNode.h in Headers */ = {isa = PBXBuildFile; fileRef = CDDD401C2951439200361C67 /* WorldNode.h */; settings = {ATTRIBUTES = (Public, ); }; };
		CDDD40342951439200361C67 /* FactoryRegistry.h in Headers */ = {isa = PBXBuildFile; fileRef = CDDD401D2951439200361C67 /* FactoryRegistry.h */; settings = {ATTRIBUTES = (Public, ); }; };
		CDDD40352951439200361C67 /* ClassIds.h in Headers */ = {isa = PBXBuildFile; fileRef = CDDD401E2951439200361C67 /* ClassIds.h */; settings = {ATTRIBUTES = (Public, ); }; };
		CDDD40362951439200361C67 /* Switchable.h in Headers */ = {isa = PBXBuildFile; fileRef = CDDD401F2951439200361C67 /* Switchable.h */; settings = {ATTRIBUTES = (Public, ); }; };
		CDDD40372951439200361C67 /* Factory.h in Headers */ = {isa = PBXBuildFile; fileRef = CDDD40202951439200361C67 /* Factory.h */; settings = {ATTRIBUTES = (Public, ); }; };
		CDDD40392951481300361C67 /* GoStateMachineTests.cpp in Sources */ = {isa = PBXBuildFile; fileRef = CDDD40382951481300361C67 /* GoStateMachineTests.cpp */; };
		CDDD403C29514BF200361C67 /* RangeTests.cpp in Sources */ = {isa = PBXBuildFile; fileRef = CDDD403B29514BF200361C67 /* RangeTests.cpp */; };
		CDDD403E295263DB00361C67 /* GoCore.h in Headers */ = {isa = PBXBuildFile; fileRef = CDDD403D295263DB00361C67 /* GoCore.h */; settings = {ATTRIBUTES = (Public, ); }; };
		CDDD404129526D5800361C67 /* GoCoreTests.cpp in Sources */ = {isa = PBXBuildFile; fileRef = CDDD404029526D5800361C67 /* GoCoreTests.cpp */; };
		CDDD404329527D7300361C67 /* SomeNode.h in Headers */ = {isa = PBXBuildFile; fileRef = CDDD404229527D7300361C67 /* SomeNode.h */; };
		CDF9D9DB2925A3FE00C912E9 /* StandardEdgeModel.h in Headers */ = {isa = PBXBuildFile; fileRef = CDF9D9D029259FB500C912E9 /* StandardEdgeModel.h */; settings = {ATTRIBUTES = (Public, ); }; };
		CDF9D9DE2925A63E00C912E9 /* SomeGraphNode.h in Headers */ = {isa = PBXBuildFile; fileRef = CDF9D9CE29259FB500C912E9 /* SomeGraphNode.h */; settings = {ATTRIBUTES = (Public, ); }; };
		CDF9D9E32925A91D00C912E9 /* SomeReference.h in Headers */ = {isa = PBXBuildFile; fileRef = CDF9D9E02925A91D00C912E9 /* SomeReference.h */; settings = {ATTRIBUTES = (Public, ); }; };
		CDF9D9E42925A91D00C912E9 /* StrongReference.h in Headers */ = {isa = PBXBuildFile; fileRef = CDF9D9E12925A91D00C912E9 /* StrongReference.h */; settings = {ATTRIBUTES = (Public, ); }; };
		CDF9D9E52925A91D00C912E9 /* WeakReference.h in Headers */ = {isa = PBXBuildFile; fileRef = CDF9D9E22925A91D00C912E9 /* WeakReference.h */; settings = {ATTRIBUTES = (Public, ); }; };
		CDF9D9E82925C69000C912E9 /* Event.h in Headers */ = {isa = PBXBuildFile; fileRef = CDF9D9E72925C69000C912E9 /* Event.h */; settings = {ATTRIBUTES = (Public, ); }; };
		CDF9D9EA292990C100C912E9 /* SomeReferenceTests.cpp in Sources */ = {isa = PBXBuildFile; fileRef = CDF9D9E9292990C100C912E9 /* SomeReferenceTests.cpp */; };
		CDF9D9EC292A885C00C912E9 /* TimerTests.cpp in Sources */ = {isa = PBXBuildFile; fileRef = CDF9D9EB292A885C00C912E9 /* TimerTests.cpp */; };
		CDF9D9F1292ADD9900C912E9 /* _Set.h in Headers */ = {isa = PBXBuildFile; fileRef = CDF9D9F0292ADD9900C912E9 /* _Set.h */; settings = {ATTRIBUTES = (Public, ); }; };
		CDF9D9F3292ADE6B00C912E9 /* ListTests.cpp in Sources */ = {isa = PBXBuildFile; fileRef = CDF9D9F2292ADE6B00C912E9 /* ListTests.cpp */; };
		CDF9D9F7292B131400C912E9 /* SomeListener.h in Headers */ = {isa = PBXBuildFile; fileRef = CDF9D9F6292B131400C912E9 /* SomeListener.h */; settings = {ATTRIBUTES = (Public, ); }; };
		CDF9D9F9292B13B000C912E9 /* SomeBroadcaster.h in Headers */ = {isa = PBXBuildFile; fileRef = CDF9D9F8292B13B000C912E9 /* SomeBroadcaster.h */; settings = {ATTRIBUTES = (Public, ); }; };
		CDF9D9FB292B15E300C912E9 /* BroadcasterTests.cpp in Sources */ = {isa = PBXBuildFile; fileRef = CDF9D9FA292B15E300C912E9 /* BroadcasterTests.cpp */; };
		CDF9D9FD292B162400C912E9 /* Broadcaster.h in Headers */ = {isa = PBXBuildFile; fileRef = CDF9D9FC292B162300C912E9 /* Broadcaster.h */; settings = {ATTRIBUTES = (Public, ); }; };
		CDF9D9FF292EEE3800C912E9 /* GeoTransform.h in Headers */ = {isa = PBXBuildFile; fileRef = CDF9D9FE292EEE3800C912E9 /* GeoTransform.h */; settings = {ATTRIBUTES = (Public, ); }; };
		CDF9DA01292EEEF500C912E9 /* Vector3.h in Headers */ = {isa = PBXBuildFile; fileRef = CDF9DA00292EEEF500C912E9 /* Vector3.h */; settings = {ATTRIBUTES = (Public, ); }; };
		CDF9DA03292EEF8500C912E9 /* Vector3Tests.cpp in Sources */ = {isa = PBXBuildFile; fileRef = CDF9DA02292EEF8400C912E9 /* Vector3Tests.cpp */; };
		CDF9DA0529303DEC00C912E9 /* HorizontalAlignment.h in Headers */ = {isa = PBXBuildFile; fileRef = CDF9DA0429303DEC00C912E9 /* HorizontalAlignment.h */; settings = {ATTRIBUTES = (Public, ); }; };
		CDF9DA0729303E3500C912E9 /* VerticalAlignment.h in Headers */ = {isa = PBXBuildFile; fileRef = CDF9DA0629303E3500C912E9 /* VerticalAlignment.h */; settings = {ATTRIBUTES = (Public, ); }; };
		CDF9DA0A2931D4AC00C912E9 /* SomeBinding.h in Headers */ = {isa = PBXBuildFile; fileRef = CDF9DA092931D4AC00C912E9 /* SomeBinding.h */; settings = {ATTRIBUTES = (Public, ); }; };
		CDF9DA0C2931D6C500C912E9 /* SomeValueInterpolator.h in Headers */ = {isa = PBXBuildFile; fileRef = CDF9DA0B2931D6C500C912E9 /* SomeValueInterpolator.h */; settings = {ATTRIBUTES = (Public, ); }; };
		CDF9DA0E2932597A00C912E9 /* Array.h in Headers */ = {isa = PBXBuildFile; fileRef = CDF9DA0D2932597A00C912E9 /* Array.h */; settings = {ATTRIBUTES = (Public, ); }; };
		CDF9DA1029325A0C00C912E9 /* ArrayTests.cpp in Sources */ = {isa = PBXBuildFile; fileRef = CDF9DA0F29325A0C00C912E9 /* ArrayTests.cpp */; };
		CDF9DA1229325F3E00C912E9 /* SomeLimiter.h in Headers */ = {isa = PBXBuildFile; fileRef = CDF9DA1129325F3E00C912E9 /* SomeLimiter.h */; settings = {ATTRIBUTES = (Public, ); }; };
		CDF9DA162932615700C912E9 /* RateLimiter.h in Headers */ = {isa = PBXBuildFile; fileRef = CDF9DA152932615600C912E9 /* RateLimiter.h */; settings = {ATTRIBUTES = (Public, ); }; };
		CDF9DA1C2932645300C912E9 /* Axis.h in Headers */ = {isa = PBXBuildFile; fileRef = CDF9DA1B2932645300C912E9 /* Axis.h */; settings = {ATTRIBUTES = (Public, ); }; };
		CDF9DA1E2932D9DE00C912E9 /* SomeInterpolate.h in Headers */ = {isa = PBXBuildFile; fileRef = CDF9DA1D2932D9DE00C912E9 /* SomeInterpolate.h */; settings = {ATTRIBUTES = (Public, ); }; };
		CDF9DA202933B55F00C912E9 /* Alignment.h in Headers */ = {isa = PBXBuildFile; fileRef = CDF9DA1F2933B55F00C912E9 /* Alignment.h */; settings = {ATTRIBUTES = (Public, ); }; };
/* End PBXBuildFile section */

/* Begin PBXContainerItemProxy section */
		CD6FEB372917017A00F674D3 /* PBXContainerItemProxy */ = {
			isa = PBXContainerItemProxy;
			containerPortal = CD6FEB222917017A00F674D3 /* Project object */;
			proxyType = 1;
			remoteGlobalIDString = CD6FEB2A2917017A00F674D3;
			remoteInfo = PhaseJump;
		};
/* End PBXContainerItemProxy section */

/* Begin PBXFileReference section */
		CD0A842429189FE70074CA4F /* FloatMultiplyTransformTests.cpp */ = {isa = PBXFileReference; fileEncoding = 4; lastKnownFileType = sourcecode.cpp.cpp; path = FloatMultiplyTransformTests.cpp; sourceTree = "<group>"; };
		CD0A84282918A0690074CA4F /* StringTests.cpp */ = {isa = PBXFileReference; fileEncoding = 4; lastKnownFileType = sourcecode.cpp.cpp; path = StringTests.cpp; sourceTree = "<group>"; };
		CD0A84292918A0690074CA4F /* FilePathTests.cpp */ = {isa = PBXFileReference; fileEncoding = 4; lastKnownFileType = sourcecode.cpp.cpp; path = FilePathTests.cpp; sourceTree = "<group>"; };
		CD0A842F2918A1F00074CA4F /* Range.h */ = {isa = PBXFileReference; fileEncoding = 4; lastKnownFileType = sourcecode.c.h; path = Range.h; sourceTree = "<group>"; };
		CD0A84302918A1F00074CA4F /* SomeTransform.h */ = {isa = PBXFileReference; fileEncoding = 4; lastKnownFileType = sourcecode.c.h; path = SomeTransform.h; sourceTree = "<group>"; };
		CD0A84312918A1F00074CA4F /* Types.h */ = {isa = PBXFileReference; fileEncoding = 4; lastKnownFileType = sourcecode.c.h; path = Types.h; sourceTree = "<group>"; };
		CD0A84322918A1F00074CA4F /* FloatClamp.h */ = {isa = PBXFileReference; fileEncoding = 4; lastKnownFileType = sourcecode.c.h; path = FloatClamp.h; sourceTree = "<group>"; };
		CD0A84332918A1F00074CA4F /* FloatTransform.h */ = {isa = PBXFileReference; fileEncoding = 4; lastKnownFileType = sourcecode.c.h; path = FloatTransform.h; sourceTree = "<group>"; };
		CD0A84342918A1F00074CA4F /* SomeMap.h */ = {isa = PBXFileReference; fileEncoding = 4; lastKnownFileType = sourcecode.c.h; path = SomeMap.h; sourceTree = "<group>"; };
		CD0A84352918A1F00074CA4F /* _String.h */ = {isa = PBXFileReference; fileEncoding = 4; lastKnownFileType = sourcecode.c.h; path = _String.h; sourceTree = "<group>"; };
		CD0A84472918A1F00074CA4F /* Interpolator.h */ = {isa = PBXFileReference; fileEncoding = 4; lastKnownFileType = sourcecode.c.h; path = Interpolator.h; sourceTree = "<group>"; };
		CD0A84492918A1F00074CA4F /* AnimationCycleTypes.h */ = {isa = PBXFileReference; fileEncoding = 4; lastKnownFileType = sourcecode.c.h; path = AnimationCycleTypes.h; sourceTree = "<group>"; };
		CD0A844B2918A1F00074CA4F /* StringUtils.h */ = {isa = PBXFileReference; fileEncoding = 4; lastKnownFileType = sourcecode.c.h; path = StringUtils.h; sourceTree = "<group>"; };
		CD0A844D2918A1F00074CA4F /* TimeSlice.h */ = {isa = PBXFileReference; fileEncoding = 4; lastKnownFileType = sourcecode.c.h; path = TimeSlice.h; sourceTree = "<group>"; };
		CD0A844E2918A1F00074CA4F /* Timer.h */ = {isa = PBXFileReference; fileEncoding = 4; lastKnownFileType = sourcecode.c.h; path = Timer.h; sourceTree = "<group>"; };
		CD0A844F2918A1F00074CA4F /* SomeTimed.h */ = {isa = PBXFileReference; fileEncoding = 4; lastKnownFileType = sourcecode.c.h; path = SomeTimed.h; sourceTree = "<group>"; };
		CD0A846D2918ADE70074CA4F /* FilePath.h */ = {isa = PBXFileReference; fileEncoding = 4; lastKnownFileType = sourcecode.c.h; path = FilePath.h; sourceTree = "<group>"; };
		CD0A84752918C9CE0074CA4F /* TagsTests.cpp */ = {isa = PBXFileReference; lastKnownFileType = sourcecode.cpp.cpp; path = TagsTests.cpp; sourceTree = "<group>"; };
		CD0A84792918D7BA0074CA4F /* FactoryTests.cpp */ = {isa = PBXFileReference; lastKnownFileType = sourcecode.cpp.cpp; path = FactoryTests.cpp; sourceTree = "<group>"; };
		CD0A847F2919A5D70074CA4F /* FactoryRegistryTests.cpp */ = {isa = PBXFileReference; fileEncoding = 4; lastKnownFileType = sourcecode.cpp.cpp; path = FactoryRegistryTests.cpp; sourceTree = "<group>"; };
		CD0A8481291A06340074CA4F /* DefaultValueTests.cpp */ = {isa = PBXFileReference; lastKnownFileType = sourcecode.cpp.cpp; path = DefaultValueTests.cpp; sourceTree = "<group>"; };
		CD0A8497291DE71B0074CA4F /* _String.cpp */ = {isa = PBXFileReference; lastKnownFileType = sourcecode.cpp.cpp; path = _String.cpp; sourceTree = "<group>"; };
		CD0A849B291DED040074CA4F /* _Map.h */ = {isa = PBXFileReference; lastKnownFileType = sourcecode.c.h; path = _Map.h; sourceTree = "<group>"; };
		CD0A849E291DEDAD0074CA4F /* MapTests.cpp */ = {isa = PBXFileReference; lastKnownFileType = sourcecode.cpp.cpp; path = MapTests.cpp; sourceTree = "<group>"; };
		CD0A84A2291DF5310074CA4F /* ClassRegistryTests.cpp */ = {isa = PBXFileReference; fileEncoding = 4; lastKnownFileType = sourcecode.cpp.cpp; path = ClassRegistryTests.cpp; sourceTree = "<group>"; };
		CD1E7CB529364E2600001DB9 /* Angle.h */ = {isa = PBXFileReference; lastKnownFileType = sourcecode.c.h; path = Angle.h; sourceTree = "<group>"; };
		CD1E7CB72936549000001DB9 /* Angle.cpp */ = {isa = PBXFileReference; lastKnownFileType = sourcecode.cpp.cpp; path = Angle.cpp; sourceTree = "<group>"; };
		CD1E7CBB293656B300001DB9 /* AngleTests.cpp */ = {isa = PBXFileReference; lastKnownFileType = sourcecode.cpp.cpp; path = AngleTests.cpp; sourceTree = "<group>"; };
		CD1E7CBD2941921D00001DB9 /* SomeAligner.h */ = {isa = PBXFileReference; lastKnownFileType = sourcecode.c.h; path = SomeAligner.h; sourceTree = "<group>"; };
		CD1E7CBF2941966300001DB9 /* IntClamp.h */ = {isa = PBXFileReference; lastKnownFileType = sourcecode.c.h; path = IntClamp.h; sourceTree = "<group>"; };
		CD1E7CC12941970500001DB9 /* ClampTests.cpp */ = {isa = PBXFileReference; lastKnownFileType = sourcecode.cpp.cpp; path = ClampTests.cpp; sourceTree = "<group>"; };
		CD1E7CC52941A1A800001DB9 /* AnimationCycleTimer.h */ = {isa = PBXFileReference; lastKnownFileType = sourcecode.c.h; path = AnimationCycleTimer.h; sourceTree = "<group>"; };
		CD1E7CC72941A3E600001DB9 /* AnimationCycleTimerTests.cpp */ = {isa = PBXFileReference; lastKnownFileType = sourcecode.cpp.cpp; path = AnimationCycleTimerTests.cpp; sourceTree = "<group>"; };
		CD1E7CCB2941AA3700001DB9 /* PublishedValue.h */ = {isa = PBXFileReference; lastKnownFileType = sourcecode.c.h; path = PublishedValue.h; sourceTree = "<group>"; };
		CD1E7CD229458CC900001DB9 /* AcyclicGraphNodeTests.cpp */ = {isa = PBXFileReference; lastKnownFileType = sourcecode.cpp.cpp; path = AcyclicGraphNodeTests.cpp; sourceTree = "<group>"; };
		CD1E7CD329458CC900001DB9 /* AcyclicGraphNodeTests.hpp */ = {isa = PBXFileReference; lastKnownFileType = sourcecode.cpp.h; path = AcyclicGraphNodeTests.hpp; sourceTree = "<group>"; };
		CD1E7CD6294635AC00001DB9 /* CyclicGraphTests.cpp */ = {isa = PBXFileReference; lastKnownFileType = sourcecode.cpp.cpp; path = CyclicGraphTests.cpp; sourceTree = "<group>"; };
		CD1E7CE02946531800001DB9 /* SomeStateMachine.h */ = {isa = PBXFileReference; lastKnownFileType = sourcecode.c.h; path = SomeStateMachine.h; sourceTree = "<group>"; };
		CD1E7CE2294653EE00001DB9 /* StateMachine.h */ = {isa = PBXFileReference; lastKnownFileType = sourcecode.c.h; path = StateMachine.h; sourceTree = "<group>"; };
		CD1E7CE429465CAB00001DB9 /* Vector2.cpp */ = {isa = PBXFileReference; lastKnownFileType = sourcecode.cpp.cpp; path = Vector2.cpp; sourceTree = "<group>"; };
		CD1E7CE629465D4200001DB9 /* Vector3.cpp */ = {isa = PBXFileReference; lastKnownFileType = sourcecode.cpp.cpp; path = Vector3.cpp; sourceTree = "<group>"; };
		CD1E7CE929465D9900001DB9 /* VerticalAlignment.cpp */ = {isa = PBXFileReference; lastKnownFileType = sourcecode.cpp.cpp; path = VerticalAlignment.cpp; sourceTree = "<group>"; };
		CD1E7CEC29465DDF00001DB9 /* HorizontalAlignment.cpp */ = {isa = PBXFileReference; lastKnownFileType = sourcecode.cpp.cpp; path = HorizontalAlignment.cpp; sourceTree = "<group>"; };
		CD1E7CEE29465E2500001DB9 /* Alignment.cpp */ = {isa = PBXFileReference; lastKnownFileType = sourcecode.cpp.cpp; path = Alignment.cpp; sourceTree = "<group>"; };
		CD1E7CF029465E6B00001DB9 /* GeoTransform.cpp */ = {isa = PBXFileReference; lastKnownFileType = sourcecode.cpp.cpp; path = GeoTransform.cpp; sourceTree = "<group>"; };
		CD1E7CF42946858D00001DB9 /* StateMachineTests.cpp */ = {isa = PBXFileReference; lastKnownFileType = sourcecode.cpp.cpp; path = StateMachineTests.cpp; sourceTree = "<group>"; };
		CD1E7CF72946B57600001DB9 /* PublishedValueTests.cpp */ = {isa = PBXFileReference; lastKnownFileType = sourcecode.cpp.cpp; path = PublishedValueTests.cpp; sourceTree = "<group>"; };
		CD1E900529344DB800875FD9 /* SomePath.h */ = {isa = PBXFileReference; lastKnownFileType = sourcecode.c.h; path = SomePath.h; sourceTree = "<group>"; };
		CD1E900729344E2300875FD9 /* LinePath.h */ = {isa = PBXFileReference; lastKnownFileType = sourcecode.c.h; path = LinePath.h; sourceTree = "<group>"; };
		CD1E900929344F8C00875FD9 /* SomeAnimatedValue.h */ = {isa = PBXFileReference; lastKnownFileType = sourcecode.c.h; path = SomeAnimatedValue.h; sourceTree = "<group>"; };
		CD1E900B2934534500875FD9 /* CirclePath.h */ = {isa = PBXFileReference; lastKnownFileType = sourcecode.c.h; path = CirclePath.h; sourceTree = "<group>"; };
		CD1E9010293465CF00875FD9 /* TransformTimer.h */ = {isa = PBXFileReference; lastKnownFileType = sourcecode.c.h; path = TransformTimer.h; sourceTree = "<group>"; };
		CD5FB826291EB0D2004F2FB4 /* SomeVector.h */ = {isa = PBXFileReference; lastKnownFileType = sourcecode.c.h; path = SomeVector.h; sourceTree = "<group>"; };
		CD5FB828291EB410004F2FB4 /* Vector2.h */ = {isa = PBXFileReference; lastKnownFileType = sourcecode.c.h; path = Vector2.h; sourceTree = "<group>"; };
		CD5FB82A291EB4C8004F2FB4 /* Vector2Tests.cpp */ = {isa = PBXFileReference; fileEncoding = 4; lastKnownFileType = sourcecode.cpp.cpp; path = Vector2Tests.cpp; sourceTree = "<group>"; };
		CD5FB83429200BFB004F2FB4 /* SomeProcessor.h */ = {isa = PBXFileReference; lastKnownFileType = sourcecode.c.h; path = SomeProcessor.h; sourceTree = "<group>"; };
		CD5FB83629200D78004F2FB4 /* FileProcessor.Utility.h */ = {isa = PBXFileReference; fileEncoding = 4; lastKnownFileType = sourcecode.c.h; path = FileProcessor.Utility.h; sourceTree = "<group>"; };
		CD5FB83729200D79004F2FB4 /* FilesProcessor.h */ = {isa = PBXFileReference; fileEncoding = 4; lastKnownFileType = sourcecode.c.h; path = FilesProcessor.h; sourceTree = "<group>"; };
		CD5FB83A29201197004F2FB4 /* List.h */ = {isa = PBXFileReference; lastKnownFileType = sourcecode.c.h; path = List.h; sourceTree = "<group>"; };
		CD5FB83C2920138E004F2FB4 /* FilesProcessorTests.cpp */ = {isa = PBXFileReference; lastKnownFileType = sourcecode.cpp.cpp; path = FilesProcessorTests.cpp; sourceTree = "<group>"; };
		CD5FB846292084CD004F2FB4 /* SomeInputController.h */ = {isa = PBXFileReference; lastKnownFileType = sourcecode.c.h; path = SomeInputController.h; sourceTree = "<group>"; };
		CD6FEB2B2917017A00F674D3 /* PhaseJump.framework */ = {isa = PBXFileReference; explicitFileType = wrapper.framework; includeInIndex = 0; path = PhaseJump.framework; sourceTree = BUILT_PRODUCTS_DIR; };
		CD6FEB2E2917017A00F674D3 /* PhaseJump.h */ = {isa = PBXFileReference; lastKnownFileType = sourcecode.c.h; path = PhaseJump.h; sourceTree = "<group>"; };
		CD6FEB2F2917017A00F674D3 /* PhaseJump.docc */ = {isa = PBXFileReference; lastKnownFileType = folder.documentationcatalog; path = PhaseJump.docc; sourceTree = "<group>"; };
		CD6FEB352917017A00F674D3 /* PhaseJumpTests.xctest */ = {isa = PBXFileReference; explicitFileType = wrapper.cfbundle; includeInIndex = 0; path = PhaseJumpTests.xctest; sourceTree = BUILT_PRODUCTS_DIR; };
		CD6FEB3A2917017A00F674D3 /* FloatTransformTests.mm */ = {isa = PBXFileReference; lastKnownFileType = sourcecode.cpp.objcpp; path = FloatTransformTests.mm; sourceTree = "<group>"; };
		CDA98A4529189A3600B9B961 /* libgtest.a */ = {isa = PBXFileReference; lastKnownFileType = archive.ar; name = libgtest.a; path = ../../../../../../../../usr/local/lib/libgtest.a; sourceTree = "<group>"; };
		CDDD3FF4294E7F8A00361C67 /* CycleAnimator.h */ = {isa = PBXFileReference; lastKnownFileType = sourcecode.c.h; path = CycleAnimator.h; sourceTree = "<group>"; };
		CDDD3FF6294E80A500361C67 /* Binding.h */ = {isa = PBXFileReference; lastKnownFileType = sourcecode.c.h; path = Binding.h; sourceTree = "<group>"; };
		CDDD3FF9294E821300361C67 /* CycleAnimatorTests.cpp */ = {isa = PBXFileReference; lastKnownFileType = sourcecode.cpp.cpp; path = CycleAnimatorTests.cpp; sourceTree = "<group>"; };
		CDDD3FFB294E871800361C67 /* SomeInterpolate.cpp */ = {isa = PBXFileReference; lastKnownFileType = sourcecode.cpp.cpp; path = SomeInterpolate.cpp; sourceTree = "<group>"; };
		CDDD3FFD294EBB5E00361C67 /* SomeInterpolatorKey.h */ = {isa = PBXFileReference; lastKnownFileType = sourcecode.c.h; path = SomeInterpolatorKey.h; sourceTree = "<group>"; };
		CDDD3FFF294EBE9B00361C67 /* SomeKeyframe.h */ = {isa = PBXFileReference; lastKnownFileType = sourcecode.c.h; path = SomeKeyframe.h; sourceTree = "<group>"; };
		CDDD4001294EBFA000361C67 /* ValueKeyframe.h */ = {isa = PBXFileReference; lastKnownFileType = sourcecode.c.h; path = ValueKeyframe.h; sourceTree = "<group>"; };
		CDDD4003294EC07A00361C67 /* ActionKeyframe.h */ = {isa = PBXFileReference; lastKnownFileType = sourcecode.c.h; path = ActionKeyframe.h; sourceTree = "<group>"; };
		CDDD400629511C8800361C67 /* GoStateMachine.h */ = {isa = PBXFileReference; lastKnownFileType = sourcecode.c.h; path = GoStateMachine.h; sourceTree = "<group>"; };
		CDDD400A2951439100361C67 /* Macros_Operators.h */ = {isa = PBXFileReference; fileEncoding = 4; lastKnownFileType = sourcecode.c.h; path = Macros_Operators.h; sourceTree = "<group>"; };
		CDDD400B2951439100361C67 /* Updatable.h */ = {isa = PBXFileReference; fileEncoding = 4; lastKnownFileType = sourcecode.c.h; path = Updatable.h; sourceTree = "<group>"; };
		CDDD400C2951439100361C67 /* Macros_Collections.h */ = {isa = PBXFileReference; fileEncoding = 4; lastKnownFileType = sourcecode.c.h; path = Macros_Collections.h; sourceTree = "<group>"; };
		CDDD400E2951439100361C67 /* AnyFactory.h */ = {isa = PBXFileReference; fileEncoding = 4; lastKnownFileType = sourcecode.c.h; path = AnyFactory.h; sourceTree = "<group>"; };
		CDDD400F2951439200361C67 /* Class.h */ = {isa = PBXFileReference; fileEncoding = 4; lastKnownFileType = sourcecode.c.h; path = Class.h; sourceTree = "<group>"; };
		CDDD40102951439200361C67 /* StringIdentifiable.h */ = {isa = PBXFileReference; fileEncoding = 4; lastKnownFileType = sourcecode.c.h; path = StringIdentifiable.h; sourceTree = "<group>"; };
		CDDD40112951439200361C67 /* IntMath.h */ = {isa = PBXFileReference; fileEncoding = 4; lastKnownFileType = sourcecode.c.h; path = IntMath.h; sourceTree = "<group>"; };
		CDDD40122951439200361C67 /* Tags.h */ = {isa = PBXFileReference; fileEncoding = 4; lastKnownFileType = sourcecode.c.h; path = Tags.h; sourceTree = "<group>"; };
		CDDD40132951439200361C67 /* FloatMath.h */ = {isa = PBXFileReference; fileEncoding = 4; lastKnownFileType = sourcecode.c.h; path = FloatMath.h; sourceTree = "<group>"; };
		CDDD40142951439200361C67 /* ClassRegistry.h */ = {isa = PBXFileReference; fileEncoding = 4; lastKnownFileType = sourcecode.c.h; path = ClassRegistry.h; sourceTree = "<group>"; };
		CDDD40152951439200361C67 /* Scene.h */ = {isa = PBXFileReference; fileEncoding = 4; lastKnownFileType = sourcecode.c.h; path = Scene.h; sourceTree = "<group>"; };
		CDDD40162951439200361C67 /* WorldComponent.cpp */ = {isa = PBXFileReference; fileEncoding = 4; lastKnownFileType = sourcecode.cpp.cpp; path = WorldComponent.cpp; sourceTree = "<group>"; };
		CDDD40172951439200361C67 /* Core.h */ = {isa = PBXFileReference; fileEncoding = 4; lastKnownFileType = sourcecode.c.h; path = Core.h; sourceTree = "<group>"; };
		CDDD40182951439200361C67 /* CoreTypes.h */ = {isa = PBXFileReference; fileEncoding = 4; lastKnownFileType = sourcecode.c.h; path = CoreTypes.h; sourceTree = "<group>"; };
		CDDD40192951439200361C67 /* Base.h */ = {isa = PBXFileReference; fileEncoding = 4; lastKnownFileType = sourcecode.c.h; path = Base.h; sourceTree = "<group>"; };
		CDDD401A2951439200361C67 /* SomeRunner.h */ = {isa = PBXFileReference; fileEncoding = 4; lastKnownFileType = sourcecode.c.h; path = SomeRunner.h; sourceTree = "<group>"; };
		CDDD401B2951439200361C67 /* WorldComponent.h */ = {isa = PBXFileReference; fileEncoding = 4; lastKnownFileType = sourcecode.c.h; path = WorldComponent.h; sourceTree = "<group>"; };
		CDDD401C2951439200361C67 /* WorldNode.h */ = {isa = PBXFileReference; fileEncoding = 4; lastKnownFileType = sourcecode.c.h; path = WorldNode.h; sourceTree = "<group>"; };
		CDDD401D2951439200361C67 /* FactoryRegistry.h */ = {isa = PBXFileReference; fileEncoding = 4; lastKnownFileType = sourcecode.c.h; path = FactoryRegistry.h; sourceTree = "<group>"; };
		CDDD401E2951439200361C67 /* ClassIds.h */ = {isa = PBXFileReference; fileEncoding = 4; lastKnownFileType = sourcecode.c.h; path = ClassIds.h; sourceTree = "<group>"; };
		CDDD401F2951439200361C67 /* Switchable.h */ = {isa = PBXFileReference; fileEncoding = 4; lastKnownFileType = sourcecode.c.h; path = Switchable.h; sourceTree = "<group>"; };
		CDDD40202951439200361C67 /* Factory.h */ = {isa = PBXFileReference; fileEncoding = 4; lastKnownFileType = sourcecode.c.h; path = Factory.h; sourceTree = "<group>"; };
		CDDD40382951481300361C67 /* GoStateMachineTests.cpp */ = {isa = PBXFileReference; lastKnownFileType = sourcecode.cpp.cpp; path = GoStateMachineTests.cpp; sourceTree = "<group>"; };
		CDDD403B29514BF200361C67 /* RangeTests.cpp */ = {isa = PBXFileReference; lastKnownFileType = sourcecode.cpp.cpp; path = RangeTests.cpp; sourceTree = "<group>"; };
		CDDD403D295263DB00361C67 /* GoCore.h */ = {isa = PBXFileReference; lastKnownFileType = sourcecode.c.h; path = GoCore.h; sourceTree = "<group>"; };
		CDDD404029526D5800361C67 /* GoCoreTests.cpp */ = {isa = PBXFileReference; lastKnownFileType = sourcecode.cpp.cpp; path = GoCoreTests.cpp; sourceTree = "<group>"; };
		CDDD404229527D7300361C67 /* SomeNode.h */ = {isa = PBXFileReference; lastKnownFileType = sourcecode.c.h; path = SomeNode.h; sourceTree = "<group>"; };
		CDF9D9CD29259FB500C912E9 /* GoAcyclicGraphNode.h */ = {isa = PBXFileReference; fileEncoding = 4; lastKnownFileType = sourcecode.c.h; path = GoAcyclicGraphNode.h; sourceTree = "<group>"; };
		CDF9D9CE29259FB500C912E9 /* SomeGraphNode.h */ = {isa = PBXFileReference; fileEncoding = 4; lastKnownFileType = sourcecode.c.h; path = SomeGraphNode.h; sourceTree = "<group>"; };
		CDF9D9D029259FB500C912E9 /* StandardEdgeModel.h */ = {isa = PBXFileReference; fileEncoding = 4; lastKnownFileType = sourcecode.c.h; path = StandardEdgeModel.h; sourceTree = "<group>"; };
		CDF9D9D129259FB500C912E9 /* CyclicGraphNode.h */ = {isa = PBXFileReference; fileEncoding = 4; lastKnownFileType = sourcecode.c.h; path = CyclicGraphNode.h; sourceTree = "<group>"; };
		CDF9D9D229259FB500C912E9 /* AcyclicGraphNode.h */ = {isa = PBXFileReference; fileEncoding = 4; lastKnownFileType = sourcecode.c.h; path = AcyclicGraphNode.h; sourceTree = "<group>"; };
		CDF9D9D329259FB500C912E9 /* CyclicGraph.h */ = {isa = PBXFileReference; fileEncoding = 4; lastKnownFileType = sourcecode.c.h; path = CyclicGraph.h; sourceTree = "<group>"; };
		CDF9D9E02925A91D00C912E9 /* SomeReference.h */ = {isa = PBXFileReference; fileEncoding = 4; lastKnownFileType = sourcecode.c.h; path = SomeReference.h; sourceTree = "<group>"; };
		CDF9D9E12925A91D00C912E9 /* StrongReference.h */ = {isa = PBXFileReference; fileEncoding = 4; lastKnownFileType = sourcecode.c.h; path = StrongReference.h; sourceTree = "<group>"; };
		CDF9D9E22925A91D00C912E9 /* WeakReference.h */ = {isa = PBXFileReference; fileEncoding = 4; lastKnownFileType = sourcecode.c.h; path = WeakReference.h; sourceTree = "<group>"; };
		CDF9D9E72925C69000C912E9 /* Event.h */ = {isa = PBXFileReference; lastKnownFileType = sourcecode.c.h; path = Event.h; sourceTree = "<group>"; };
		CDF9D9E9292990C100C912E9 /* SomeReferenceTests.cpp */ = {isa = PBXFileReference; fileEncoding = 4; lastKnownFileType = sourcecode.cpp.cpp; path = SomeReferenceTests.cpp; sourceTree = "<group>"; };
		CDF9D9EB292A885C00C912E9 /* TimerTests.cpp */ = {isa = PBXFileReference; fileEncoding = 4; lastKnownFileType = sourcecode.cpp.cpp; path = TimerTests.cpp; sourceTree = "<group>"; };
		CDF9D9F0292ADD9900C912E9 /* _Set.h */ = {isa = PBXFileReference; lastKnownFileType = sourcecode.c.h; path = _Set.h; sourceTree = "<group>"; };
		CDF9D9F2292ADE6B00C912E9 /* ListTests.cpp */ = {isa = PBXFileReference; lastKnownFileType = sourcecode.cpp.cpp; path = ListTests.cpp; sourceTree = "<group>"; };
		CDF9D9F6292B131400C912E9 /* SomeListener.h */ = {isa = PBXFileReference; lastKnownFileType = sourcecode.c.h; path = SomeListener.h; sourceTree = "<group>"; };
		CDF9D9F8292B13B000C912E9 /* SomeBroadcaster.h */ = {isa = PBXFileReference; lastKnownFileType = sourcecode.c.h; path = SomeBroadcaster.h; sourceTree = "<group>"; };
		CDF9D9FA292B15E300C912E9 /* BroadcasterTests.cpp */ = {isa = PBXFileReference; fileEncoding = 4; lastKnownFileType = sourcecode.cpp.cpp; path = BroadcasterTests.cpp; sourceTree = "<group>"; };
		CDF9D9FC292B162300C912E9 /* Broadcaster.h */ = {isa = PBXFileReference; fileEncoding = 4; lastKnownFileType = sourcecode.c.h; path = Broadcaster.h; sourceTree = "<group>"; };
		CDF9D9FE292EEE3800C912E9 /* GeoTransform.h */ = {isa = PBXFileReference; lastKnownFileType = sourcecode.c.h; path = GeoTransform.h; sourceTree = "<group>"; };
		CDF9DA00292EEEF500C912E9 /* Vector3.h */ = {isa = PBXFileReference; fileEncoding = 4; lastKnownFileType = sourcecode.c.h; path = Vector3.h; sourceTree = "<group>"; };
		CDF9DA02292EEF8400C912E9 /* Vector3Tests.cpp */ = {isa = PBXFileReference; fileEncoding = 4; lastKnownFileType = sourcecode.cpp.cpp; path = Vector3Tests.cpp; sourceTree = "<group>"; };
		CDF9DA0429303DEC00C912E9 /* HorizontalAlignment.h */ = {isa = PBXFileReference; lastKnownFileType = sourcecode.c.h; path = HorizontalAlignment.h; sourceTree = "<group>"; };
		CDF9DA0629303E3500C912E9 /* VerticalAlignment.h */ = {isa = PBXFileReference; lastKnownFileType = sourcecode.c.h; path = VerticalAlignment.h; sourceTree = "<group>"; };
		CDF9DA092931D4AC00C912E9 /* SomeBinding.h */ = {isa = PBXFileReference; lastKnownFileType = sourcecode.c.h; path = SomeBinding.h; sourceTree = "<group>"; };
		CDF9DA0B2931D6C500C912E9 /* SomeValueInterpolator.h */ = {isa = PBXFileReference; lastKnownFileType = sourcecode.c.h; path = SomeValueInterpolator.h; sourceTree = "<group>"; };
		CDF9DA0D2932597A00C912E9 /* Array.h */ = {isa = PBXFileReference; fileEncoding = 4; lastKnownFileType = sourcecode.c.h; path = Array.h; sourceTree = "<group>"; };
		CDF9DA0F29325A0C00C912E9 /* ArrayTests.cpp */ = {isa = PBXFileReference; fileEncoding = 4; lastKnownFileType = sourcecode.cpp.cpp; path = ArrayTests.cpp; sourceTree = "<group>"; };
		CDF9DA1129325F3E00C912E9 /* SomeLimiter.h */ = {isa = PBXFileReference; lastKnownFileType = sourcecode.c.h; path = SomeLimiter.h; sourceTree = "<group>"; };
		CDF9DA152932615600C912E9 /* RateLimiter.h */ = {isa = PBXFileReference; lastKnownFileType = sourcecode.c.h; path = RateLimiter.h; sourceTree = "<group>"; };
		CDF9DA1B2932645300C912E9 /* Axis.h */ = {isa = PBXFileReference; lastKnownFileType = sourcecode.c.h; path = Axis.h; sourceTree = "<group>"; };
		CDF9DA1D2932D9DE00C912E9 /* SomeInterpolate.h */ = {isa = PBXFileReference; lastKnownFileType = sourcecode.c.h; path = SomeInterpolate.h; sourceTree = "<group>"; };
		CDF9DA1F2933B55F00C912E9 /* Alignment.h */ = {isa = PBXFileReference; lastKnownFileType = sourcecode.c.h; path = Alignment.h; sourceTree = "<group>"; };
/* End PBXFileReference section */

/* Begin PBXFrameworksBuildPhase section */
		CD6FEB282917017A00F674D3 /* Frameworks */ = {
			isa = PBXFrameworksBuildPhase;
			buildActionMask = 2147483647;
			files = (
			);
			runOnlyForDeploymentPostprocessing = 0;
		};
		CD6FEB322917017A00F674D3 /* Frameworks */ = {
			isa = PBXFrameworksBuildPhase;
			buildActionMask = 2147483647;
			files = (
				CD6FEB362917017A00F674D3 /* PhaseJump.framework in Frameworks */,
				CD0A841C29189C290074CA4F /* libgtest.a in Frameworks */,
			);
			runOnlyForDeploymentPostprocessing = 0;
		};
/* End PBXFrameworksBuildPhase section */

/* Begin PBXGroup section */
		CD0A842329189FE70074CA4F /* G Tests */ = {
			isa = PBXGroup;
			children = (
				CDDD3FF8294E81FD00361C67 /* Animation */,
				CDDD403F29526D3800361C67 /* Core */,
				CD1E7CD529462C8600001DB9 /* Graph */,
				CD1E7CF32946857F00001DB9 /* Model */,
				CDDD403A29514BE000361C67 /* Types */,
				CDF9DA0F29325A0C00C912E9 /* ArrayTests.cpp */,
				CDF9D9FA292B15E300C912E9 /* BroadcasterTests.cpp */,
				CD0A84A2291DF5310074CA4F /* ClassRegistryTests.cpp */,
				CD0A84292918A0690074CA4F /* FilePathTests.cpp */,
				CD0A842429189FE70074CA4F /* FloatMultiplyTransformTests.cpp */,
				CD0A8481291A06340074CA4F /* DefaultValueTests.cpp */,
				CD0A84792918D7BA0074CA4F /* FactoryTests.cpp */,
				CD0A847F2919A5D70074CA4F /* FactoryRegistryTests.cpp */,
				CD5FB83C2920138E004F2FB4 /* FilesProcessorTests.cpp */,
				CDF9D9E9292990C100C912E9 /* SomeReferenceTests.cpp */,
				CD0A84282918A0690074CA4F /* StringTests.cpp */,
				CD0A84752918C9CE0074CA4F /* TagsTests.cpp */,
				CDF9D9EB292A885C00C912E9 /* TimerTests.cpp */,
				CD5FB82A291EB4C8004F2FB4 /* Vector2Tests.cpp */,
				CDF9DA02292EEF8400C912E9 /* Vector3Tests.cpp */,
				CD0A849E291DEDAD0074CA4F /* MapTests.cpp */,
				CDF9D9F2292ADE6B00C912E9 /* ListTests.cpp */,
				CD1E7CBB293656B300001DB9 /* AngleTests.cpp */,
				CD1E7CC12941970500001DB9 /* ClampTests.cpp */,
				CD1E7CC72941A3E600001DB9 /* AnimationCycleTimerTests.cpp */,
				CD1E7CD329458CC900001DB9 /* AcyclicGraphNodeTests.hpp */,
			);
			path = "G Tests";
			sourceTree = "<group>";
		};
		CD0A842C2918A1F00074CA4F /* PhaseJump */ = {
			isa = PBXGroup;
			children = (
				CD0A842D2918A1F00074CA4F /* Classes */,
			);
			name = PhaseJump;
			path = ../../PhaseJump;
			sourceTree = "<group>";
		};
		CD0A842D2918A1F00074CA4F /* Classes */ = {
			isa = PBXGroup;
			children = (
				CD0A84462918A1F00074CA4F /* Animation */,
				CDF9D9EF292ADC4400C912E9 /* Collections */,
				CD0A84362918A1F00074CA4F /* Core */,
				CD5FB825291EB098004F2FB4 /* Geometry */,
				CDF9D9CB29259FB500C912E9 /* Graph */,
				CD5FB84829208502004F2FB4 /* Input */,
				CD5FB823291EA6C7004F2FB4 /* Interface */,
				CD0A84722918AE1E0074CA4F /* Includes */,
				CD0A844C2918A1F00074CA4F /* Model */,
				CD0A84682918ADE70074CA4F /* Storage */,
				CD0A842E2918A1F00074CA4F /* Types */,
				CD5FB83329200BE0004F2FB4 /* Processors */,
				CD0A844A2918A1F00074CA4F /* Utils */,
			);
			path = Classes;
			sourceTree = "<group>";
		};
		CD0A842E2918A1F00074CA4F /* Types */ = {
			isa = PBXGroup;
			children = (
				CD0A84352918A1F00074CA4F /* _String.h */,
				CD0A8497291DE71B0074CA4F /* _String.cpp */,
				CDF9DA1F2933B55F00C912E9 /* Alignment.h */,
				CDF9D9E12925A91D00C912E9 /* StrongReference.h */,
				CDF9D9E22925A91D00C912E9 /* WeakReference.h */,
				CD0A842F2918A1F00074CA4F /* Range.h */,
				CD0A84302918A1F00074CA4F /* SomeTransform.h */,
				CD0A84322918A1F00074CA4F /* FloatClamp.h */,
				CD0A84332918A1F00074CA4F /* FloatTransform.h */,
				CDF9DA0429303DEC00C912E9 /* HorizontalAlignment.h */,
				CD1E7CBD2941921D00001DB9 /* SomeAligner.h */,
				CDF9DA092931D4AC00C912E9 /* SomeBinding.h */,
				CD0A84342918A1F00074CA4F /* SomeMap.h */,
				CDF9D9E02925A91D00C912E9 /* SomeReference.h */,
				CD0A84312918A1F00074CA4F /* Types.h */,
				CDF9DA0629303E3500C912E9 /* VerticalAlignment.h */,
				CD1E7CBF2941966300001DB9 /* IntClamp.h */,
				CD1E7CE929465D9900001DB9 /* VerticalAlignment.cpp */,
				CD1E7CEC29465DDF00001DB9 /* HorizontalAlignment.cpp */,
				CD1E7CEE29465E2500001DB9 /* Alignment.cpp */,
				CDDD3FF6294E80A500361C67 /* Binding.h */,
			);
			path = Types;
			sourceTree = "<group>";
		};
		CD0A84362918A1F00074CA4F /* Core */ = {
			isa = PBXGroup;
			children = (
				CDDD400E2951439100361C67 /* AnyFactory.h */,
				CDDD40192951439200361C67 /* Base.h */,
				CDDD400F2951439200361C67 /* Class.h */,
				CDDD401E2951439200361C67 /* ClassIds.h */,
				CDDD40142951439200361C67 /* ClassRegistry.h */,
				CDDD40172951439200361C67 /* Core.h */,
				CDDD40182951439200361C67 /* CoreTypes.h */,
				CDDD40202951439200361C67 /* Factory.h */,
				CDDD401D2951439200361C67 /* FactoryRegistry.h */,
				CDDD40132951439200361C67 /* FloatMath.h */,
				CDDD40112951439200361C67 /* IntMath.h */,
				CDDD400C2951439100361C67 /* Macros_Collections.h */,
				CDDD400A2951439100361C67 /* Macros_Operators.h */,
				CDDD40152951439200361C67 /* Scene.h */,
				CDDD401A2951439200361C67 /* SomeRunner.h */,
				CDDD40102951439200361C67 /* StringIdentifiable.h */,
				CDDD401F2951439200361C67 /* Switchable.h */,
				CDDD40122951439200361C67 /* Tags.h */,
				CDDD400B2951439100361C67 /* Updatable.h */,
				CDDD40162951439200361C67 /* WorldComponent.cpp */,
				CDDD401B2951439200361C67 /* WorldComponent.h */,
				CDDD401C2951439200361C67 /* WorldNode.h */,
				CDDD403D295263DB00361C67 /* GoCore.h */,
				CDDD404229527D7300361C67 /* SomeNode.h */,
			);
			path = Core;
			sourceTree = "<group>";
		};
		CD0A84462918A1F00074CA4F /* Animation */ = {
			isa = PBXGroup;
			children = (
				CD0A84472918A1F00074CA4F /* Interpolator.h */,
				CD0A84492918A1F00074CA4F /* AnimationCycleTypes.h */,
				CDF9DA0B2931D6C500C912E9 /* SomeValueInterpolator.h */,
				CDF9DA1D2932D9DE00C912E9 /* SomeInterpolate.h */,
				CD1E900929344F8C00875FD9 /* SomeAnimatedValue.h */,
				CD1E7CC52941A1A800001DB9 /* AnimationCycleTimer.h */,
				CDDD3FF4294E7F8A00361C67 /* CycleAnimator.h */,
				CDDD3FFB294E871800361C67 /* SomeInterpolate.cpp */,
				CDDD3FFD294EBB5E00361C67 /* SomeInterpolatorKey.h */,
				CDDD3FFF294EBE9B00361C67 /* SomeKeyframe.h */,
				CDDD4001294EBFA000361C67 /* ValueKeyframe.h */,
				CDDD4003294EC07A00361C67 /* ActionKeyframe.h */,
			);
			path = Animation;
			sourceTree = "<group>";
		};
		CD0A844A2918A1F00074CA4F /* Utils */ = {
			isa = PBXGroup;
			children = (
				CD0A844B2918A1F00074CA4F /* StringUtils.h */,
			);
			path = Utils;
			sourceTree = "<group>";
		};
		CD0A844C2918A1F00074CA4F /* Model */ = {
			isa = PBXGroup;
			children = (
				CD1E900F293465BD00875FD9 /* Time */,
				CDF9D9FC292B162300C912E9 /* Broadcaster.h */,
				CD0A844D2918A1F00074CA4F /* TimeSlice.h */,
				CDF9D9E72925C69000C912E9 /* Event.h */,
				CD1E7CCB2941AA3700001DB9 /* PublishedValue.h */,
				CDF9DA152932615600C912E9 /* RateLimiter.h */,
				CDF9D9F6292B131400C912E9 /* SomeListener.h */,
				CDF9D9F8292B13B000C912E9 /* SomeBroadcaster.h */,
				CDF9DA1129325F3E00C912E9 /* SomeLimiter.h */,
				CD1E7CE02946531800001DB9 /* SomeStateMachine.h */,
				CD1E7CE2294653EE00001DB9 /* StateMachine.h */,
				CDDD400629511C8800361C67 /* GoStateMachine.h */,
			);
			path = Model;
			sourceTree = "<group>";
		};
		CD0A84682918ADE70074CA4F /* Storage */ = {
			isa = PBXGroup;
			children = (
				CD0A84692918ADE70074CA4F /* Local */,
			);
			path = Storage;
			sourceTree = "<group>";
		};
		CD0A84692918ADE70074CA4F /* Local */ = {
			isa = PBXGroup;
			children = (
				CD0A846D2918ADE70074CA4F /* FilePath.h */,
			);
			path = Local;
			sourceTree = "<group>";
		};
		CD0A84722918AE1E0074CA4F /* Includes */ = {
			isa = PBXGroup;
			children = (
			);
			path = Includes;
			sourceTree = "<group>";
		};
		CD1E7CD529462C8600001DB9 /* Graph */ = {
			isa = PBXGroup;
			children = (
				CD1E7CD229458CC900001DB9 /* AcyclicGraphNodeTests.cpp */,
				CD1E7CD6294635AC00001DB9 /* CyclicGraphTests.cpp */,
			);
			path = Graph;
			sourceTree = "<group>";
		};
		CD1E7CF32946857F00001DB9 /* Model */ = {
			isa = PBXGroup;
			children = (
				CD1E7CF42946858D00001DB9 /* StateMachineTests.cpp */,
				CD1E7CF72946B57600001DB9 /* PublishedValueTests.cpp */,
				CDDD40382951481300361C67 /* GoStateMachineTests.cpp */,
			);
			path = Model;
			sourceTree = "<group>";
		};
		CD1E900429344DAA00875FD9 /* Paths */ = {
			isa = PBXGroup;
			children = (
				CD1E900B2934534500875FD9 /* CirclePath.h */,
				CD1E900729344E2300875FD9 /* LinePath.h */,
				CD1E900529344DB800875FD9 /* SomePath.h */,
			);
			path = Paths;
			sourceTree = "<group>";
		};
		CD1E900F293465BD00875FD9 /* Time */ = {
			isa = PBXGroup;
			children = (
				CD0A844E2918A1F00074CA4F /* Timer.h */,
				CD0A844F2918A1F00074CA4F /* SomeTimed.h */,
				CD1E9010293465CF00875FD9 /* TransformTimer.h */,
			);
			path = Time;
			sourceTree = "<group>";
		};
		CD5FB823291EA6C7004F2FB4 /* Interface */ = {
			isa = PBXGroup;
			children = (
			);
			path = Interface;
			sourceTree = "<group>";
		};
		CD5FB825291EB098004F2FB4 /* Geometry */ = {
			isa = PBXGroup;
			children = (
				CD1E7CB529364E2600001DB9 /* Angle.h */,
				CD1E7CB72936549000001DB9 /* Angle.cpp */,
				CD1E900429344DAA00875FD9 /* Paths */,
				CD5FB826291EB0D2004F2FB4 /* SomeVector.h */,
				CD5FB828291EB410004F2FB4 /* Vector2.h */,
				CDF9DA00292EEEF500C912E9 /* Vector3.h */,
				CDF9D9FE292EEE3800C912E9 /* GeoTransform.h */,
				CDF9DA1B2932645300C912E9 /* Axis.h */,
				CD1E7CE429465CAB00001DB9 /* Vector2.cpp */,
				CD1E7CE629465D4200001DB9 /* Vector3.cpp */,
				CD1E7CF029465E6B00001DB9 /* GeoTransform.cpp */,
			);
			path = Geometry;
			sourceTree = "<group>";
		};
		CD5FB83329200BE0004F2FB4 /* Processors */ = {
			isa = PBXGroup;
			children = (
				CD5FB83629200D78004F2FB4 /* FileProcessor.Utility.h */,
				CD5FB83729200D79004F2FB4 /* FilesProcessor.h */,
				CD5FB83429200BFB004F2FB4 /* SomeProcessor.h */,
			);
			path = Processors;
			sourceTree = "<group>";
		};
		CD5FB84829208502004F2FB4 /* Input */ = {
			isa = PBXGroup;
			children = (
				CD5FB846292084CD004F2FB4 /* SomeInputController.h */,
			);
			path = Input;
			sourceTree = "<group>";
		};
		CD6FEB212917017A00F674D3 = {
			isa = PBXGroup;
			children = (
				CD6FEB2D2917017A00F674D3 /* PhaseJump */,
				CD0A842C2918A1F00074CA4F /* PhaseJump */,
				CD6FEB392917017A00F674D3 /* PhaseJumpTests */,
				CD6FEB2C2917017A00F674D3 /* Products */,
				CDA98A42291898FB00B9B961 /* Frameworks */,
			);
			sourceTree = "<group>";
		};
		CD6FEB2C2917017A00F674D3 /* Products */ = {
			isa = PBXGroup;
			children = (
				CD6FEB2B2917017A00F674D3 /* PhaseJump.framework */,
				CD6FEB352917017A00F674D3 /* PhaseJumpTests.xctest */,
			);
			name = Products;
			sourceTree = "<group>";
		};
		CD6FEB2D2917017A00F674D3 /* PhaseJump */ = {
			isa = PBXGroup;
			children = (
				CD6FEB2E2917017A00F674D3 /* PhaseJump.h */,
				CD6FEB2F2917017A00F674D3 /* PhaseJump.docc */,
			);
			path = PhaseJump;
			sourceTree = "<group>";
		};
		CD6FEB392917017A00F674D3 /* PhaseJumpTests */ = {
			isa = PBXGroup;
			children = (
				CD0A842329189FE70074CA4F /* G Tests */,
				CD6FEB3A2917017A00F674D3 /* FloatTransformTests.mm */,
			);
			path = PhaseJumpTests;
			sourceTree = "<group>";
		};
		CDA98A42291898FB00B9B961 /* Frameworks */ = {
			isa = PBXGroup;
			children = (
				CDA98A4529189A3600B9B961 /* libgtest.a */,
			);
			name = Frameworks;
			sourceTree = "<group>";
		};
		CDDD3FF8294E81FD00361C67 /* Animation */ = {
			isa = PBXGroup;
			children = (
				CDDD3FF9294E821300361C67 /* CycleAnimatorTests.cpp */,
			);
			path = Animation;
			sourceTree = "<group>";
		};
		CDDD403A29514BE000361C67 /* Types */ = {
			isa = PBXGroup;
			children = (
				CDDD403B29514BF200361C67 /* RangeTests.cpp */,
			);
			path = Types;
			sourceTree = "<group>";
		};
		CDDD403F29526D3800361C67 /* Core */ = {
			isa = PBXGroup;
			children = (
				CDDD404029526D5800361C67 /* GoCoreTests.cpp */,
			);
			path = Core;
			sourceTree = "<group>";
		};
		CDF9D9CB29259FB500C912E9 /* Graph */ = {
			isa = PBXGroup;
			children = (
				CDF9D9D229259FB500C912E9 /* AcyclicGraphNode.h */,
				CDF9D9D329259FB500C912E9 /* CyclicGraph.h */,
				CDF9D9D129259FB500C912E9 /* CyclicGraphNode.h */,
				CDF9D9CD29259FB500C912E9 /* GoAcyclicGraphNode.h */,
				CDF9D9CE29259FB500C912E9 /* SomeGraphNode.h */,
				CDF9D9D029259FB500C912E9 /* StandardEdgeModel.h */,
			);
			path = Graph;
			sourceTree = "<group>";
		};
		CDF9D9EF292ADC4400C912E9 /* Collections */ = {
			isa = PBXGroup;
			children = (
				CD0A849B291DED040074CA4F /* _Map.h */,
				CDF9DA0D2932597A00C912E9 /* Array.h */,
				CD5FB83A29201197004F2FB4 /* List.h */,
				CDF9D9F0292ADD9900C912E9 /* _Set.h */,
			);
			path = Collections;
			sourceTree = "<group>";
		};
/* End PBXGroup section */

/* Begin PBXHeadersBuildPhase section */
		CD6FEB262917017A00F674D3 /* Headers */ = {
			isa = PBXHeadersBuildPhase;
			buildActionMask = 2147483647;
			files = (
				CDDD402B2951439200361C67 /* ClassRegistry.h in Headers */,
				CD1E7CC02941966300001DB9 /* IntClamp.h in Headers */,
				CDF9D9F9292B13B000C912E9 /* SomeBroadcaster.h in Headers */,
				CD5FB83B29201197004F2FB4 /* List.h in Headers */,
				CDF9DA1E2932D9DE00C912E9 /* SomeInterpolate.h in Headers */,
				CDF9DA0729303E3500C912E9 /* VerticalAlignment.h in Headers */,
				CDDD40332951439200361C67 /* WorldNode.h in Headers */,
				CD0A84502918A1F00074CA4F /* Range.h in Headers */,
				CDDD40232951439200361C67 /* Macros_Collections.h in Headers */,
				CD5FB847292084CD004F2FB4 /* SomeInputController.h in Headers */,
				CDF9DA0A2931D4AC00C912E9 /* SomeBinding.h in Headers */,
				CD1E7CBE2941921D00001DB9 /* SomeAligner.h in Headers */,
				CDDD40282951439200361C67 /* IntMath.h in Headers */,
				CDF9D9DB2925A3FE00C912E9 /* StandardEdgeModel.h in Headers */,
				CD1E900C2934534500875FD9 /* CirclePath.h in Headers */,
				CD0A84552918A1F00074CA4F /* SomeMap.h in Headers */,
				CDDD40262951439200361C67 /* Class.h in Headers */,
				CDDD40342951439200361C67 /* FactoryRegistry.h in Headers */,
				CD1E7CB629364E2600001DB9 /* Angle.h in Headers */,
				CDF9D9E32925A91D00C912E9 /* SomeReference.h in Headers */,
				CD0A84642918A1F00074CA4F /* SomeTimed.h in Headers */,
				CDF9D9E42925A91D00C912E9 /* StrongReference.h in Headers */,
				CD5FB83529200BFB004F2FB4 /* SomeProcessor.h in Headers */,
				CD0A84712918ADE70074CA4F /* FilePath.h in Headers */,
				CD0A84512918A1F00074CA4F /* SomeTransform.h in Headers */,
				CD0A845E2918A1F00074CA4F /* Interpolator.h in Headers */,
				CDF9DA0E2932597A00C912E9 /* Array.h in Headers */,
				CD1E900A29344F8C00875FD9 /* SomeAnimatedValue.h in Headers */,
				CD0A84542918A1F00074CA4F /* FloatTransform.h in Headers */,
				CDDD3FFE294EBB5E00361C67 /* SomeInterpolatorKey.h in Headers */,
				CDDD40272951439200361C67 /* StringIdentifiable.h in Headers */,
				CDDD40362951439200361C67 /* Switchable.h in Headers */,
				CDF9D9E52925A91D00C912E9 /* WeakReference.h in Headers */,
				CD0A84522918A1F00074CA4F /* Types.h in Headers */,
				CDDD40212951439200361C67 /* Macros_Operators.h in Headers */,
				CDDD40292951439200361C67 /* Tags.h in Headers */,
				CDDD403E295263DB00361C67 /* GoCore.h in Headers */,
				CDDD3FF7294E80A500361C67 /* Binding.h in Headers */,
				CD1E7CE3294653EE00001DB9 /* StateMachine.h in Headers */,
				CDDD404329527D7300361C67 /* SomeNode.h in Headers */,
				CDF9D9F1292ADD9900C912E9 /* _Set.h in Headers */,
				CD1E7CCC2941AA3700001DB9 /* PublishedValue.h in Headers */,
				CD0A84612918A1F00074CA4F /* StringUtils.h in Headers */,
				CD0A84632918A1F00074CA4F /* Timer.h in Headers */,
				CDDD40372951439200361C67 /* Factory.h in Headers */,
				CDDD4000294EBE9B00361C67 /* SomeKeyframe.h in Headers */,
				CDDD40302951439200361C67 /* Base.h in Headers */,
				CDF9DA0529303DEC00C912E9 /* HorizontalAlignment.h in Headers */,
				CDDD40252951439200361C67 /* AnyFactory.h in Headers */,
				CDF9DA01292EEEF500C912E9 /* Vector3.h in Headers */,
				CD0A849C291DED040074CA4F /* _Map.h in Headers */,
				CDDD402A2951439200361C67 /* FloatMath.h in Headers */,
				CDDD402F2951439200361C67 /* CoreTypes.h in Headers */,
				CDF9D9E82925C69000C912E9 /* Event.h in Headers */,
				CDDD40322951439200361C67 /* WorldComponent.h in Headers */,
				CD1E900629344DB800875FD9 /* SomePath.h in Headers */,
				CDDD400729511C8800361C67 /* GoStateMachine.h in Headers */,
				CD5FB83929200D79004F2FB4 /* FilesProcessor.h in Headers */,
				CDF9DA162932615700C912E9 /* RateLimiter.h in Headers */,
				CD1E7CC62941A1A800001DB9 /* AnimationCycleTimer.h in Headers */,
				CD1E7CE12946531800001DB9 /* SomeStateMachine.h in Headers */,
				CD5FB83829200D79004F2FB4 /* FileProcessor.Utility.h in Headers */,
				CD1E9011293465CF00875FD9 /* TransformTimer.h in Headers */,
				CDF9D9FD292B162400C912E9 /* Broadcaster.h in Headers */,
				CDDD3FF5294E7F8A00361C67 /* CycleAnimator.h in Headers */,
				CDF9DA202933B55F00C912E9 /* Alignment.h in Headers */,
				CDDD4002294EBFA000361C67 /* ValueKeyframe.h in Headers */,
				CDF9D9F7292B131400C912E9 /* SomeListener.h in Headers */,
				CDF9DA1C2932645300C912E9 /* Axis.h in Headers */,
				CD0A84602918A1F00074CA4F /* AnimationCycleTypes.h in Headers */,
				CDDD402C2951439200361C67 /* Scene.h in Headers */,
				CDDD40312951439200361C67 /* SomeRunner.h in Headers */,
				CDF9DA0C2931D6C500C912E9 /* SomeValueInterpolator.h in Headers */,
				CD1E900829344E2300875FD9 /* LinePath.h in Headers */,
				CDF9D9DE2925A63E00C912E9 /* SomeGraphNode.h in Headers */,
				CDF9D9FF292EEE3800C912E9 /* GeoTransform.h in Headers */,
				CD0A84562918A1F00074CA4F /* _String.h in Headers */,
				CDDD402E2951439200361C67 /* Core.h in Headers */,
				CDF9DA1229325F3E00C912E9 /* SomeLimiter.h in Headers */,
				CD5FB827291EB0D2004F2FB4 /* SomeVector.h in Headers */,
				CDDD40222951439200361C67 /* Updatable.h in Headers */,
				CD6FEB3C2917017A00F674D3 /* PhaseJump.h in Headers */,
				CD0A84622918A1F00074CA4F /* TimeSlice.h in Headers */,
				CD5FB829291EB410004F2FB4 /* Vector2.h in Headers */,
				CDDD40352951439200361C67 /* ClassIds.h in Headers */,
				CD0A84532918A1F00074CA4F /* FloatClamp.h in Headers */,
			);
			runOnlyForDeploymentPostprocessing = 0;
		};
/* End PBXHeadersBuildPhase section */

/* Begin PBXNativeTarget section */
		CD6FEB2A2917017A00F674D3 /* PhaseJump */ = {
			isa = PBXNativeTarget;
			buildConfigurationList = CD6FEB3F2917017A00F674D3 /* Build configuration list for PBXNativeTarget "PhaseJump" */;
			buildPhases = (
				CD6FEB262917017A00F674D3 /* Headers */,
				CD6FEB272917017A00F674D3 /* Sources */,
				CD6FEB282917017A00F674D3 /* Frameworks */,
				CD6FEB292917017A00F674D3 /* Resources */,
			);
			buildRules = (
			);
			dependencies = (
			);
			name = PhaseJump;
			productName = PhaseJump;
			productReference = CD6FEB2B2917017A00F674D3 /* PhaseJump.framework */;
			productType = "com.apple.product-type.framework";
		};
		CD6FEB342917017A00F674D3 /* PhaseJumpTests */ = {
			isa = PBXNativeTarget;
			buildConfigurationList = CD6FEB422917017A00F674D3 /* Build configuration list for PBXNativeTarget "PhaseJumpTests" */;
			buildPhases = (
				CD6FEB312917017A00F674D3 /* Sources */,
				CD6FEB322917017A00F674D3 /* Frameworks */,
				CD6FEB332917017A00F674D3 /* Resources */,
			);
			buildRules = (
			);
			dependencies = (
				CD6FEB382917017A00F674D3 /* PBXTargetDependency */,
			);
			name = PhaseJumpTests;
			productName = PhaseJumpTests;
			productReference = CD6FEB352917017A00F674D3 /* PhaseJumpTests.xctest */;
			productType = "com.apple.product-type.bundle.unit-test";
		};
/* End PBXNativeTarget section */

/* Begin PBXProject section */
		CD6FEB222917017A00F674D3 /* Project object */ = {
			isa = PBXProject;
			attributes = {
				BuildIndependentTargetsInParallel = 1;
				LastUpgradeCheck = 1410;
				TargetAttributes = {
					CD6FEB2A2917017A00F674D3 = {
						CreatedOnToolsVersion = 14.1;
					};
					CD6FEB342917017A00F674D3 = {
						CreatedOnToolsVersion = 14.1;
					};
				};
			};
			buildConfigurationList = CD6FEB252917017A00F674D3 /* Build configuration list for PBXProject "PhaseJump" */;
			compatibilityVersion = "Xcode 14.0";
			developmentRegion = en;
			hasScannedForEncodings = 0;
			knownRegions = (
				en,
				Base,
			);
			mainGroup = CD6FEB212917017A00F674D3;
			productRefGroup = CD6FEB2C2917017A00F674D3 /* Products */;
			projectDirPath = "";
			projectRoot = "";
			targets = (
				CD6FEB2A2917017A00F674D3 /* PhaseJump */,
				CD6FEB342917017A00F674D3 /* PhaseJumpTests */,
			);
		};
/* End PBXProject section */

/* Begin PBXResourcesBuildPhase section */
		CD6FEB292917017A00F674D3 /* Resources */ = {
			isa = PBXResourcesBuildPhase;
			buildActionMask = 2147483647;
			files = (
			);
			runOnlyForDeploymentPostprocessing = 0;
		};
		CD6FEB332917017A00F674D3 /* Resources */ = {
			isa = PBXResourcesBuildPhase;
			buildActionMask = 2147483647;
			files = (
			);
			runOnlyForDeploymentPostprocessing = 0;
		};
/* End PBXResourcesBuildPhase section */

/* Begin PBXSourcesBuildPhase section */
		CD6FEB272917017A00F674D3 /* Sources */ = {
			isa = PBXSourcesBuildPhase;
			buildActionMask = 2147483647;
			files = (
				CD1E7CB82936549000001DB9 /* Angle.cpp in Sources */,
				CDDD402D2951439200361C67 /* WorldComponent.cpp in Sources */,
				CD6FEB302917017A00F674D3 /* PhaseJump.docc in Sources */,
				CD0A8499291DE71B0074CA4F /* _String.cpp in Sources */,
			);
			runOnlyForDeploymentPostprocessing = 0;
		};
		CD6FEB312917017A00F674D3 /* Sources */ = {
			isa = PBXSourcesBuildPhase;
			buildActionMask = 2147483647;
			files = (
				CD1E7CF82946B57600001DB9 /* PublishedValueTests.cpp in Sources */,
				CDF9DA1029325A0C00C912E9 /* ArrayTests.cpp in Sources */,
				CD0A847A2918D7BA0074CA4F /* FactoryTests.cpp in Sources */,
				CDF9D9F3292ADE6B00C912E9 /* ListTests.cpp in Sources */,
				CD0A842A2918A0690074CA4F /* StringTests.cpp in Sources */,
				CD1E7CE529465CAB00001DB9 /* Vector2.cpp in Sources */,
				CD1E7CD429458CC900001DB9 /* AcyclicGraphNodeTests.cpp in Sources */,
				CD1E7CF129465E6B00001DB9 /* GeoTransform.cpp in Sources */,
				CDF9D9EC292A885C00C912E9 /* TimerTests.cpp in Sources */,
				CD6FEB3B2917017A00F674D3 /* FloatTransformTests.mm in Sources */,
				CD0A842B2918A0690074CA4F /* FilePathTests.cpp in Sources */,
				CD1E7CD8294635AC00001DB9 /* CyclicGraphTests.cpp in Sources */,
				CDF9DA03292EEF8500C912E9 /* Vector3Tests.cpp in Sources */,
				CD0A84772918C9CE0074CA4F /* TagsTests.cpp in Sources */,
				CDF9D9FB292B15E300C912E9 /* BroadcasterTests.cpp in Sources */,
				CD1E7CF52946858D00001DB9 /* StateMachineTests.cpp in Sources */,
				CD1E7CC82941A3E600001DB9 /* AnimationCycleTimerTests.cpp in Sources */,
				CD1E7CBC293656B300001DB9 /* AngleTests.cpp in Sources */,
				CD0A84802919A5D70074CA4F /* FactoryRegistryTests.cpp in Sources */,
				CDDD403C29514BF200361C67 /* RangeTests.cpp in Sources */,
				CD0A842629189FE70074CA4F /* FloatMultiplyTransformTests.cpp in Sources */,
				CD0A84A3291DF5310074CA4F /* ClassRegistryTests.cpp in Sources */,
				CD1E7CED29465DDF00001DB9 /* HorizontalAlignment.cpp in Sources */,
				CDDD3FFA294E821300361C67 /* CycleAnimatorTests.cpp in Sources */,
				CD0A8483291A06340074CA4F /* DefaultValueTests.cpp in Sources */,
				CD1E7CEF29465E2500001DB9 /* Alignment.cpp in Sources */,
				CDDD404129526D5800361C67 /* GoCoreTests.cpp in Sources */,
				CD5FB82B291EB4C8004F2FB4 /* Vector2Tests.cpp in Sources */,
				CD1E7CC22941970500001DB9 /* ClampTests.cpp in Sources */,
				CD1E7CE829465D4200001DB9 /* Vector3.cpp in Sources */,
				CD0A849F291DEDAD0074CA4F /* MapTests.cpp in Sources */,
				CDF9D9EA292990C100C912E9 /* SomeReferenceTests.cpp in Sources */,
				CDDD3FFC294E871800361C67 /* SomeInterpolate.cpp in Sources */,
				CD5FB83E2920138E004F2FB4 /* FilesProcessorTests.cpp in Sources */,
				CDDD40392951481300361C67 /* GoStateMachineTests.cpp in Sources */,
				CD1E7CEB29465D9900001DB9 /* VerticalAlignment.cpp in Sources */,
			);
			runOnlyForDeploymentPostprocessing = 0;
		};
/* End PBXSourcesBuildPhase section */

/* Begin PBXTargetDependency section */
		CD6FEB382917017A00F674D3 /* PBXTargetDependency */ = {
			isa = PBXTargetDependency;
			target = CD6FEB2A2917017A00F674D3 /* PhaseJump */;
			targetProxy = CD6FEB372917017A00F674D3 /* PBXContainerItemProxy */;
		};
/* End PBXTargetDependency section */

/* Begin XCBuildConfiguration section */
		CD6FEB3D2917017A00F674D3 /* Debug */ = {
			isa = XCBuildConfiguration;
			buildSettings = {
				ALWAYS_SEARCH_USER_PATHS = NO;
				CLANG_ANALYZER_NONNULL = YES;
				CLANG_ANALYZER_NUMBER_OBJECT_CONVERSION = YES_AGGRESSIVE;
				CLANG_CXX_LANGUAGE_STANDARD = "gnu++20";
				CLANG_ENABLE_MODULES = YES;
				CLANG_ENABLE_OBJC_ARC = YES;
				CLANG_ENABLE_OBJC_WEAK = YES;
				CLANG_WARN_BLOCK_CAPTURE_AUTORELEASING = YES;
				CLANG_WARN_BOOL_CONVERSION = YES;
				CLANG_WARN_COMMA = YES;
				CLANG_WARN_CONSTANT_CONVERSION = YES;
				CLANG_WARN_DEPRECATED_OBJC_IMPLEMENTATIONS = YES;
				CLANG_WARN_DIRECT_OBJC_ISA_USAGE = YES_ERROR;
				CLANG_WARN_DOCUMENTATION_COMMENTS = YES;
				CLANG_WARN_EMPTY_BODY = YES;
				CLANG_WARN_ENUM_CONVERSION = YES;
				CLANG_WARN_INFINITE_RECURSION = YES;
				CLANG_WARN_INT_CONVERSION = YES;
				CLANG_WARN_NON_LITERAL_NULL_CONVERSION = YES;
				CLANG_WARN_OBJC_IMPLICIT_RETAIN_SELF = YES;
				CLANG_WARN_OBJC_LITERAL_CONVERSION = YES;
				CLANG_WARN_OBJC_ROOT_CLASS = YES_ERROR;
				CLANG_WARN_QUOTED_INCLUDE_IN_FRAMEWORK_HEADER = NO;
				CLANG_WARN_RANGE_LOOP_ANALYSIS = YES;
				CLANG_WARN_STRICT_PROTOTYPES = YES;
				CLANG_WARN_SUSPICIOUS_MOVE = YES;
				CLANG_WARN_UNGUARDED_AVAILABILITY = YES_AGGRESSIVE;
				CLANG_WARN_UNREACHABLE_CODE = YES;
				CLANG_WARN__DUPLICATE_METHOD_MATCH = YES;
				COPY_PHASE_STRIP = NO;
				CURRENT_PROJECT_VERSION = 1;
				DEBUG_INFORMATION_FORMAT = dwarf;
				ENABLE_STRICT_OBJC_MSGSEND = YES;
				ENABLE_TESTABILITY = YES;
				GCC_C_LANGUAGE_STANDARD = gnu11;
				GCC_DYNAMIC_NO_PIC = NO;
				GCC_NO_COMMON_BLOCKS = YES;
				GCC_OPTIMIZATION_LEVEL = 0;
				GCC_PREPROCESSOR_DEFINITIONS = (
					"DEBUG=1",
					"$(inherited)",
				);
				GCC_WARN_64_TO_32_BIT_CONVERSION = YES;
				GCC_WARN_ABOUT_RETURN_TYPE = YES_ERROR;
				GCC_WARN_UNDECLARED_SELECTOR = YES;
				GCC_WARN_UNINITIALIZED_AUTOS = YES_AGGRESSIVE;
				GCC_WARN_UNUSED_FUNCTION = NO;
				GCC_WARN_UNUSED_VARIABLE = YES;
				HEADER_SEARCH_PATHS = ../../PhaseJump;
				MACOSX_DEPLOYMENT_TARGET = 12.6;
				MTL_ENABLE_DEBUG_INFO = INCLUDE_SOURCE;
				MTL_FAST_MATH = YES;
				ONLY_ACTIVE_ARCH = YES;
				SDKROOT = macosx;
				VERSIONING_SYSTEM = "apple-generic";
				VERSION_INFO_PREFIX = "";
			};
			name = Debug;
		};
		CD6FEB3E2917017A00F674D3 /* Release */ = {
			isa = XCBuildConfiguration;
			buildSettings = {
				ALWAYS_SEARCH_USER_PATHS = NO;
				CLANG_ANALYZER_NONNULL = YES;
				CLANG_ANALYZER_NUMBER_OBJECT_CONVERSION = YES_AGGRESSIVE;
				CLANG_CXX_LANGUAGE_STANDARD = "gnu++20";
				CLANG_ENABLE_MODULES = YES;
				CLANG_ENABLE_OBJC_ARC = YES;
				CLANG_ENABLE_OBJC_WEAK = YES;
				CLANG_WARN_BLOCK_CAPTURE_AUTORELEASING = YES;
				CLANG_WARN_BOOL_CONVERSION = YES;
				CLANG_WARN_COMMA = YES;
				CLANG_WARN_CONSTANT_CONVERSION = YES;
				CLANG_WARN_DEPRECATED_OBJC_IMPLEMENTATIONS = YES;
				CLANG_WARN_DIRECT_OBJC_ISA_USAGE = YES_ERROR;
				CLANG_WARN_DOCUMENTATION_COMMENTS = YES;
				CLANG_WARN_EMPTY_BODY = YES;
				CLANG_WARN_ENUM_CONVERSION = YES;
				CLANG_WARN_INFINITE_RECURSION = YES;
				CLANG_WARN_INT_CONVERSION = YES;
				CLANG_WARN_NON_LITERAL_NULL_CONVERSION = YES;
				CLANG_WARN_OBJC_IMPLICIT_RETAIN_SELF = YES;
				CLANG_WARN_OBJC_LITERAL_CONVERSION = YES;
				CLANG_WARN_OBJC_ROOT_CLASS = YES_ERROR;
				CLANG_WARN_QUOTED_INCLUDE_IN_FRAMEWORK_HEADER = NO;
				CLANG_WARN_RANGE_LOOP_ANALYSIS = YES;
				CLANG_WARN_STRICT_PROTOTYPES = YES;
				CLANG_WARN_SUSPICIOUS_MOVE = YES;
				CLANG_WARN_UNGUARDED_AVAILABILITY = YES_AGGRESSIVE;
				CLANG_WARN_UNREACHABLE_CODE = YES;
				CLANG_WARN__DUPLICATE_METHOD_MATCH = YES;
				COPY_PHASE_STRIP = NO;
				CURRENT_PROJECT_VERSION = 1;
				DEBUG_INFORMATION_FORMAT = "dwarf-with-dsym";
				ENABLE_NS_ASSERTIONS = NO;
				ENABLE_STRICT_OBJC_MSGSEND = YES;
				GCC_C_LANGUAGE_STANDARD = gnu11;
				GCC_NO_COMMON_BLOCKS = YES;
				GCC_WARN_64_TO_32_BIT_CONVERSION = YES;
				GCC_WARN_ABOUT_RETURN_TYPE = YES_ERROR;
				GCC_WARN_UNDECLARED_SELECTOR = YES;
				GCC_WARN_UNINITIALIZED_AUTOS = YES_AGGRESSIVE;
				GCC_WARN_UNUSED_FUNCTION = NO;
				GCC_WARN_UNUSED_VARIABLE = YES;
				HEADER_SEARCH_PATHS = ../../PhaseJump;
				MACOSX_DEPLOYMENT_TARGET = 12.6;
				MTL_ENABLE_DEBUG_INFO = NO;
				MTL_FAST_MATH = YES;
				SDKROOT = macosx;
				VERSIONING_SYSTEM = "apple-generic";
				VERSION_INFO_PREFIX = "";
			};
			name = Release;
		};
		CD6FEB402917017A00F674D3 /* Debug */ = {
			isa = XCBuildConfiguration;
			buildSettings = {
				CLANG_CXX_LANGUAGE_STANDARD = "gnu++20";
				CLANG_WARN_QUOTED_INCLUDE_IN_FRAMEWORK_HEADER = NO;
				CODE_SIGN_STYLE = Automatic;
				COMBINE_HIDPI_IMAGES = YES;
				CURRENT_PROJECT_VERSION = 1;
				DEFINES_MODULE = YES;
				DEVELOPMENT_TEAM = SUX6D55KV3;
				DYLIB_COMPATIBILITY_VERSION = 1;
				DYLIB_CURRENT_VERSION = 1;
				DYLIB_INSTALL_NAME_BASE = "@rpath";
				GENERATE_INFOPLIST_FILE = YES;
				HEADER_SEARCH_PATHS = /usr/local/include;
				INFOPLIST_KEY_NSHumanReadableCopyright = "";
				INSTALL_PATH = "$(LOCAL_LIBRARY_DIR)/Frameworks";
				LD_RUNPATH_SEARCH_PATHS = (
					"$(inherited)",
					"@executable_path/../Frameworks",
					"@loader_path/Frameworks",
				);
				LIBRARY_SEARCH_PATHS = "";
				MARKETING_VERSION = 1.0;
				PRODUCT_BUNDLE_IDENTIFIER = coinbump.PhaseJump;
				PRODUCT_NAME = "$(TARGET_NAME:c99extidentifier)";
				SKIP_INSTALL = YES;
				SWIFT_EMIT_LOC_STRINGS = YES;
				USER_HEADER_SEARCH_PATHS = ../../PhaseJump/Classes;
			};
			name = Debug;
		};
		CD6FEB412917017A00F674D3 /* Release */ = {
			isa = XCBuildConfiguration;
			buildSettings = {
				CLANG_CXX_LANGUAGE_STANDARD = "gnu++20";
				CLANG_WARN_QUOTED_INCLUDE_IN_FRAMEWORK_HEADER = NO;
				CODE_SIGN_STYLE = Automatic;
				COMBINE_HIDPI_IMAGES = YES;
				CURRENT_PROJECT_VERSION = 1;
				DEFINES_MODULE = YES;
				DEVELOPMENT_TEAM = SUX6D55KV3;
				DYLIB_COMPATIBILITY_VERSION = 1;
				DYLIB_CURRENT_VERSION = 1;
				DYLIB_INSTALL_NAME_BASE = "@rpath";
				GENERATE_INFOPLIST_FILE = YES;
				HEADER_SEARCH_PATHS = /usr/local/include;
				INFOPLIST_KEY_NSHumanReadableCopyright = "";
				INSTALL_PATH = "$(LOCAL_LIBRARY_DIR)/Frameworks";
				LD_RUNPATH_SEARCH_PATHS = (
					"$(inherited)",
					"@executable_path/../Frameworks",
					"@loader_path/Frameworks",
				);
				LIBRARY_SEARCH_PATHS = "";
				MARKETING_VERSION = 1.0;
				PRODUCT_BUNDLE_IDENTIFIER = coinbump.PhaseJump;
				PRODUCT_NAME = "$(TARGET_NAME:c99extidentifier)";
				SKIP_INSTALL = YES;
				SWIFT_EMIT_LOC_STRINGS = YES;
				USER_HEADER_SEARCH_PATHS = ../../PhaseJump/Classes;
			};
			name = Release;
		};
		CD6FEB432917017A00F674D3 /* Debug */ = {
			isa = XCBuildConfiguration;
			buildSettings = {
				CLANG_WARN_QUOTED_INCLUDE_IN_FRAMEWORK_HEADER = NO;
				CODE_SIGN_STYLE = Automatic;
				CURRENT_PROJECT_VERSION = 1;
				DEVELOPMENT_TEAM = SUX6D55KV3;
				GENERATE_INFOPLIST_FILE = YES;
				HEADER_SEARCH_PATHS = /usr/local/include;
				LIBRARY_SEARCH_PATHS = (
					"$(inherited)",
					/usr/local/lib,
					"$(PROJECT_DIR)/",
				);
				MARKETING_VERSION = 1.0;
				PRODUCT_BUNDLE_IDENTIFIER = coinbump.PhaseJumpTests;
				PRODUCT_NAME = "$(TARGET_NAME)";
				SWIFT_EMIT_LOC_STRINGS = NO;
				USER_HEADER_SEARCH_PATHS = ../../PhaseJump/Classes;
			};
			name = Debug;
		};
		CD6FEB442917017A00F674D3 /* Release */ = {
			isa = XCBuildConfiguration;
			buildSettings = {
				CLANG_WARN_QUOTED_INCLUDE_IN_FRAMEWORK_HEADER = NO;
				CODE_SIGN_STYLE = Automatic;
				CURRENT_PROJECT_VERSION = 1;
				DEVELOPMENT_TEAM = SUX6D55KV3;
				GENERATE_INFOPLIST_FILE = YES;
				HEADER_SEARCH_PATHS = /usr/local/include;
				LIBRARY_SEARCH_PATHS = (
					"$(inherited)",
					/usr/local/lib,
					"$(PROJECT_DIR)/",
				);
				MARKETING_VERSION = 1.0;
				PRODUCT_BUNDLE_IDENTIFIER = coinbump.PhaseJumpTests;
				PRODUCT_NAME = "$(TARGET_NAME)";
				SWIFT_EMIT_LOC_STRINGS = NO;
				USER_HEADER_SEARCH_PATHS = ../../PhaseJump/Classes;
			};
			name = Release;
		};
/* End XCBuildConfiguration section */

/* Begin XCConfigurationList section */
		CD6FEB252917017A00F674D3 /* Build configuration list for PBXProject "PhaseJump" */ = {
			isa = XCConfigurationList;
			buildConfigurations = (
				CD6FEB3D2917017A00F674D3 /* Debug */,
				CD6FEB3E2917017A00F674D3 /* Release */,
			);
			defaultConfigurationIsVisible = 0;
			defaultConfigurationName = Release;
		};
		CD6FEB3F2917017A00F674D3 /* Build configuration list for PBXNativeTarget "PhaseJump" */ = {
			isa = XCConfigurationList;
			buildConfigurations = (
				CD6FEB402917017A00F674D3 /* Debug */,
				CD6FEB412917017A00F674D3 /* Release */,
			);
			defaultConfigurationIsVisible = 0;
			defaultConfigurationName = Release;
		};
		CD6FEB422917017A00F674D3 /* Build configuration list for PBXNativeTarget "PhaseJumpTests" */ = {
			isa = XCConfigurationList;
			buildConfigurations = (
				CD6FEB432917017A00F674D3 /* Debug */,
				CD6FEB442917017A00F674D3 /* Release */,
			);
			defaultConfigurationIsVisible = 0;
			defaultConfigurationName = Release;
		};
/* End XCConfigurationList section */
	};
	rootObject = CD6FEB222917017A00F674D3 /* Project object */;
}
